// !$*UTF8*$!
{
	archiveVersion = 1;
	classes = {
	};
	objectVersion = 77;
	objects = {

/* Begin PBXBuildFile section */
		00B5D56E720F03D56DB1BFD1 /* Extensions.swift in Sources */ = {isa = PBXBuildFile; fileRef = 6A7554F1F17053FC74093098 /* Extensions.swift */; };
		0B9C6BB76335F8BFA7FE4EC4 /* AppSettings.swift in Sources */ = {isa = PBXBuildFile; fileRef = F454AB30C55C6D4BA13D317C /* AppSettings.swift */; };
		0F09EDF93312C6B0323BB864 /* ChannelListViewModel.swift in Sources */ = {isa = PBXBuildFile; fileRef = 75A536FB3E769041F8208C28 /* ChannelListViewModel.swift */; };
		0F817A747F44677660C095D7 /* AudioPlayerService.swift in Sources */ = {isa = PBXBuildFile; fileRef = A95BF97C9B16B6BD7EAA816A /* AudioPlayerService.swift */; };
		104F15E8A04FD6FFB76B2584 /* Channel.swift in Sources */ = {isa = PBXBuildFile; fileRef = 7F5D1282A08435EA689F0E14 /* Channel.swift */; };
		26F2074FFBD2C60908D34533 /* ContentView.swift in Sources */ = {isa = PBXBuildFile; fileRef = BA12B23BD2BDAED291E45E4E /* ContentView.swift */; };
		32EACAD5C8EB4E3604B935BF /* ProviderListView.swift in Sources */ = {isa = PBXBuildFile; fileRef = 983180693021E90C089065EC /* ProviderListView.swift */; };
		32EDC261389961C0BA50D630 /* M3UParser.swift in Sources */ = {isa = PBXBuildFile; fileRef = 56546253C709FE2418B93F91 /* M3UParser.swift */; };
		3D3D8B0DC40252BF5CFD066A /* ChannelRowView.swift in Sources */ = {isa = PBXBuildFile; fileRef = AAC9873FDA3B573E1EDD4760 /* ChannelRowView.swift */; };
		3FC38D2249E5FECC003F642E /* NowPlayingView.swift in Sources */ = {isa = PBXBuildFile; fileRef = EDE3993D3D5F274F0B2BB003 /* NowPlayingView.swift */; };
		4375AEE3FBAC47C6B682B813 /* EPGEntry.swift in Sources */ = {isa = PBXBuildFile; fileRef = 2147B0D3162CD1694291BB4C /* EPGEntry.swift */; };
		490B9B8D8ACFCB63F361D676 /* XtreamCodesAPI.swift in Sources */ = {isa = PBXBuildFile; fileRef = CB48A5B5EC60C25AB54F2237 /* XtreamCodesAPI.swift */; };
		4E8A8346D049F8D9AD3CF47D /* FavoritesView.swift in Sources */ = {isa = PBXBuildFile; fileRef = 435C80BBAD6F019455A55B01 /* FavoritesView.swift */; };
		4F4FEF9531FDECF30994E056 /* ProviderManager.swift in Sources */ = {isa = PBXBuildFile; fileRef = 136E5F659B6374391CC8A290 /* ProviderManager.swift */; };
		52427721D81A7853F1D2ADE1 /* Provider.swift in Sources */ = {isa = PBXBuildFile; fileRef = 76E1133C3FB1F333E9B48C89 /* Provider.swift */; };
		5B574E50BDFABF72E5E679F7 /* EmptyStateView.swift in Sources */ = {isa = PBXBuildFile; fileRef = B8AB83EFF8DF43AEB52C5ADA /* EmptyStateView.swift */; };
		6657453CA81590C7BBAFBED3 /* ProviderListViewModel.swift in Sources */ = {isa = PBXBuildFile; fileRef = 13582F4A85BDE3769F076053 /* ProviderListViewModel.swift */; };
		6A5EE9273B278015A48EE5A8 /* CarPlaySceneDelegate.swift in Sources */ = {isa = PBXBuildFile; fileRef = EF5DFF89CA50C227369739A7 /* CarPlaySceneDelegate.swift */; };
		73ABAF5FD27B51DDE693E5CB /* FavoritesViewModel.swift in Sources */ = {isa = PBXBuildFile; fileRef = 73F0B984C28D76263A5E0D20 /* FavoritesViewModel.swift */; };
		839F1F90AD8CB5BD9C4D9A64 /* MobileMusicApp.swift in Sources */ = {isa = PBXBuildFile; fileRef = 67DEA3B5DC4F9BB1A81C5442 /* MobileMusicApp.swift */; };
		8D34458F1BCF490E1DC11170 /* EPGView.swift in Sources */ = {isa = PBXBuildFile; fileRef = 0A94482419CC5DB9DD860E8E /* EPGView.swift */; };
		95933A800CD28E004C9F7F81 /* SettingsViewModel.swift in Sources */ = {isa = PBXBuildFile; fileRef = 59FB05108CD0DBAC9BEA0BB2 /* SettingsViewModel.swift */; };
		BD2C12FB2A17796CCFF9B339 /* PersistenceService.swift in Sources */ = {isa = PBXBuildFile; fileRef = E4FFE3897911F00A540917AD /* PersistenceService.swift */; };
		C35266C16E6C94197886CC3E /* MiniPlayerView.swift in Sources */ = {isa = PBXBuildFile; fileRef = F4D8C04CC29449BB473B8FE9 /* MiniPlayerView.swift */; };
		CFAB41FCF8D0BA66C6107D10 /* ChannelListView.swift in Sources */ = {isa = PBXBuildFile; fileRef = EE7C96A83BCE9250B6E42A02 /* ChannelListView.swift */; };
		D33D2FF5140F687A2257CCC9 /* AddProviderView.swift in Sources */ = {isa = PBXBuildFile; fileRef = 067EFD9D8DA48FAB681B8569 /* AddProviderView.swift */; };
		E028E4D99AC35A743A771C82 /* PlayerViewModel.swift in Sources */ = {isa = PBXBuildFile; fileRef = F05412AC6FE0CBF0A4468C0F /* PlayerViewModel.swift */; };
		E0AD04187034CDE9FCDB4C4C /* ChannelGroup.swift in Sources */ = {isa = PBXBuildFile; fileRef = 494290151F8A39A644248952 /* ChannelGroup.swift */; };
		E231DD6A49AB8D2928BB8195 /* EPGParser.swift in Sources */ = {isa = PBXBuildFile; fileRef = A84CBEEA7102ADE14C97D0FD /* EPGParser.swift */; };
		E67CD8AB0717FA4AFAD55686 /* SettingsView.swift in Sources */ = {isa = PBXBuildFile; fileRef = C6D0B12A83957AF0C97A0E1F /* SettingsView.swift */; };
		ECAE6F0ECDB3F84F430F1E18 /* VLCKitSPM in Frameworks */ = {isa = PBXBuildFile; productRef = 16FB296AB694686024E5EBCD /* VLCKitSPM */; };
		FBE76CD2D33D9FE1974C6C32 /* Constants.swift in Sources */ = {isa = PBXBuildFile; fileRef = DEF846FF68C4DFE1A06ECE31 /* Constants.swift */; };
		FD9E1F0EE2220B91E160E053 /* CarPlayTemplateManager.swift in Sources */ = {isa = PBXBuildFile; fileRef = D5A1C12D4882674AF27A83C2 /* CarPlayTemplateManager.swift */; };
/* End PBXBuildFile section */

/* Begin PBXFileReference section */
		067EFD9D8DA48FAB681B8569 /* AddProviderView.swift */ = {isa = PBXFileReference; lastKnownFileType = sourcecode.swift; path = AddProviderView.swift; sourceTree = "<group>"; };
		0A94482419CC5DB9DD860E8E /* EPGView.swift */ = {isa = PBXFileReference; lastKnownFileType = sourcecode.swift; path = EPGView.swift; sourceTree = "<group>"; };
		13582F4A85BDE3769F076053 /* ProviderListViewModel.swift */ = {isa = PBXFileReference; lastKnownFileType = sourcecode.swift; path = ProviderListViewModel.swift; sourceTree = "<group>"; };
		136E5F659B6374391CC8A290 /* ProviderManager.swift */ = {isa = PBXFileReference; lastKnownFileType = sourcecode.swift; path = ProviderManager.swift; sourceTree = "<group>"; };
		2147B0D3162CD1694291BB4C /* EPGEntry.swift */ = {isa = PBXFileReference; lastKnownFileType = sourcecode.swift; path = EPGEntry.swift; sourceTree = "<group>"; };
		435C80BBAD6F019455A55B01 /* FavoritesView.swift */ = {isa = PBXFileReference; lastKnownFileType = sourcecode.swift; path = FavoritesView.swift; sourceTree = "<group>"; };
		494290151F8A39A644248952 /* ChannelGroup.swift */ = {isa = PBXFileReference; lastKnownFileType = sourcecode.swift; path = ChannelGroup.swift; sourceTree = "<group>"; };
		56546253C709FE2418B93F91 /* M3UParser.swift */ = {isa = PBXFileReference; lastKnownFileType = sourcecode.swift; path = M3UParser.swift; sourceTree = "<group>"; };
		59FB05108CD0DBAC9BEA0BB2 /* SettingsViewModel.swift */ = {isa = PBXFileReference; lastKnownFileType = sourcecode.swift; path = SettingsViewModel.swift; sourceTree = "<group>"; };
		67DEA3B5DC4F9BB1A81C5442 /* MobileMusicApp.swift */ = {isa = PBXFileReference; lastKnownFileType = sourcecode.swift; path = MobileMusicApp.swift; sourceTree = "<group>"; };
		6A7554F1F17053FC74093098 /* Extensions.swift */ = {isa = PBXFileReference; lastKnownFileType = sourcecode.swift; path = Extensions.swift; sourceTree = "<group>"; };
		73F0B984C28D76263A5E0D20 /* FavoritesViewModel.swift */ = {isa = PBXFileReference; lastKnownFileType = sourcecode.swift; path = FavoritesViewModel.swift; sourceTree = "<group>"; };
		75A536FB3E769041F8208C28 /* ChannelListViewModel.swift */ = {isa = PBXFileReference; lastKnownFileType = sourcecode.swift; path = ChannelListViewModel.swift; sourceTree = "<group>"; };
		76E1133C3FB1F333E9B48C89 /* Provider.swift */ = {isa = PBXFileReference; lastKnownFileType = sourcecode.swift; path = Provider.swift; sourceTree = "<group>"; };
		79B258AB3FBF2B603E48EE29 /* MobileMusic.app */ = {isa = PBXFileReference; includeInIndex = 0; lastKnownFileType = wrapper.application; path = MobileMusic.app; sourceTree = BUILT_PRODUCTS_DIR; };
		7F5D1282A08435EA689F0E14 /* Channel.swift */ = {isa = PBXFileReference; lastKnownFileType = sourcecode.swift; path = Channel.swift; sourceTree = "<group>"; };
		8C148991130158D0AC210119 /* MobileMusic.entitlements */ = {isa = PBXFileReference; lastKnownFileType = text.plist.entitlements; path = MobileMusic.entitlements; sourceTree = "<group>"; };
		983180693021E90C089065EC /* ProviderListView.swift */ = {isa = PBXFileReference; lastKnownFileType = sourcecode.swift; path = ProviderListView.swift; sourceTree = "<group>"; };
		A1D76C6D93BBF3B91867768C /* Info.plist */ = {isa = PBXFileReference; lastKnownFileType = text.plist; path = Info.plist; sourceTree = "<group>"; };
		A84CBEEA7102ADE14C97D0FD /* EPGParser.swift */ = {isa = PBXFileReference; lastKnownFileType = sourcecode.swift; path = EPGParser.swift; sourceTree = "<group>"; };
		A95BF97C9B16B6BD7EAA816A /* AudioPlayerService.swift */ = {isa = PBXFileReference; lastKnownFileType = sourcecode.swift; path = AudioPlayerService.swift; sourceTree = "<group>"; };
		AAC9873FDA3B573E1EDD4760 /* ChannelRowView.swift */ = {isa = PBXFileReference; lastKnownFileType = sourcecode.swift; path = ChannelRowView.swift; sourceTree = "<group>"; };
		B8AB83EFF8DF43AEB52C5ADA /* EmptyStateView.swift */ = {isa = PBXFileReference; lastKnownFileType = sourcecode.swift; path = EmptyStateView.swift; sourceTree = "<group>"; };
		BA12B23BD2BDAED291E45E4E /* ContentView.swift */ = {isa = PBXFileReference; lastKnownFileType = sourcecode.swift; path = ContentView.swift; sourceTree = "<group>"; };
		C6D0B12A83957AF0C97A0E1F /* SettingsView.swift */ = {isa = PBXFileReference; lastKnownFileType = sourcecode.swift; path = SettingsView.swift; sourceTree = "<group>"; };
		CB48A5B5EC60C25AB54F2237 /* XtreamCodesAPI.swift */ = {isa = PBXFileReference; lastKnownFileType = sourcecode.swift; path = XtreamCodesAPI.swift; sourceTree = "<group>"; };
		D5A1C12D4882674AF27A83C2 /* CarPlayTemplateManager.swift */ = {isa = PBXFileReference; lastKnownFileType = sourcecode.swift; path = CarPlayTemplateManager.swift; sourceTree = "<group>"; };
		DEF846FF68C4DFE1A06ECE31 /* Constants.swift */ = {isa = PBXFileReference; lastKnownFileType = sourcecode.swift; path = Constants.swift; sourceTree = "<group>"; };
		E4FFE3897911F00A540917AD /* PersistenceService.swift */ = {isa = PBXFileReference; lastKnownFileType = sourcecode.swift; path = PersistenceService.swift; sourceTree = "<group>"; };
		EDE3993D3D5F274F0B2BB003 /* NowPlayingView.swift */ = {isa = PBXFileReference; lastKnownFileType = sourcecode.swift; path = NowPlayingView.swift; sourceTree = "<group>"; };
		EE7C96A83BCE9250B6E42A02 /* ChannelListView.swift */ = {isa = PBXFileReference; lastKnownFileType = sourcecode.swift; path = ChannelListView.swift; sourceTree = "<group>"; };
		EF5DFF89CA50C227369739A7 /* CarPlaySceneDelegate.swift */ = {isa = PBXFileReference; lastKnownFileType = sourcecode.swift; path = CarPlaySceneDelegate.swift; sourceTree = "<group>"; };
		F05412AC6FE0CBF0A4468C0F /* PlayerViewModel.swift */ = {isa = PBXFileReference; lastKnownFileType = sourcecode.swift; path = PlayerViewModel.swift; sourceTree = "<group>"; };
		F454AB30C55C6D4BA13D317C /* AppSettings.swift */ = {isa = PBXFileReference; lastKnownFileType = sourcecode.swift; path = AppSettings.swift; sourceTree = "<group>"; };
		F4D8C04CC29449BB473B8FE9 /* MiniPlayerView.swift */ = {isa = PBXFileReference; lastKnownFileType = sourcecode.swift; path = MiniPlayerView.swift; sourceTree = "<group>"; };
/* End PBXFileReference section */

/* Begin PBXFrameworksBuildPhase section */
		B9DFDA6EFF7EBD7E85E974D9 /* Frameworks */ = {
			isa = PBXFrameworksBuildPhase;
			buildActionMask = 2147483647;
			files = (
				ECAE6F0ECDB3F84F430F1E18 /* VLCKitSPM in Frameworks */,
			);
			runOnlyForDeploymentPostprocessing = 0;
		};
/* End PBXFrameworksBuildPhase section */

/* Begin PBXGroup section */
		0CF398F1960C0CDE1D098E74 /* Utilities */ = {
			isa = PBXGroup;
			children = (
				DEF846FF68C4DFE1A06ECE31 /* Constants.swift */,
				6A7554F1F17053FC74093098 /* Extensions.swift */,
			);
			path = Utilities;
			sourceTree = "<group>";
		};
		13A1CC8C9FE68CCD8543BAF0 /* Provider */ = {
			isa = PBXGroup;
			children = (
				067EFD9D8DA48FAB681B8569 /* AddProviderView.swift */,
				983180693021E90C089065EC /* ProviderListView.swift */,
			);
			path = Provider;
			sourceTree = "<group>";
		};
		3031732BB796A9300C302EDD /* Favorites */ = {
			isa = PBXGroup;
			children = (
				435C80BBAD6F019455A55B01 /* FavoritesView.swift */,
			);
			path = Favorites;
			sourceTree = "<group>";
		};
		31EB8650947CB81B14014755 = {
			isa = PBXGroup;
			children = (
				568F52E38E2773EE1AA6FC05 /* MobileMusic */,
				EEA0AA99EF2AE78576AD87FB /* Products */,
			);
			sourceTree = "<group>";
		};
		327BF141E165815D1193F74D /* Channels */ = {
			isa = PBXGroup;
			children = (
				EE7C96A83BCE9250B6E42A02 /* ChannelListView.swift */,
				AAC9873FDA3B573E1EDD4760 /* ChannelRowView.swift */,
			);
			path = Channels;
			sourceTree = "<group>";
		};
		3E4CA6AF6736A04BBD017206 /* EPG */ = {
			isa = PBXGroup;
			children = (
				0A94482419CC5DB9DD860E8E /* EPGView.swift */,
			);
			path = EPG;
			sourceTree = "<group>";
		};
		5003B8B5F7A8493DF7E9E6F1 /* CarPlay */ = {
			isa = PBXGroup;
			children = (
				EF5DFF89CA50C227369739A7 /* CarPlaySceneDelegate.swift */,
				D5A1C12D4882674AF27A83C2 /* CarPlayTemplateManager.swift */,
			);
			path = CarPlay;
			sourceTree = "<group>";
		};
		568F52E38E2773EE1AA6FC05 /* MobileMusic */ = {
			isa = PBXGroup;
			children = (
				A1D76C6D93BBF3B91867768C /* Info.plist */,
				8C148991130158D0AC210119 /* MobileMusic.entitlements */,
				67DEA3B5DC4F9BB1A81C5442 /* MobileMusicApp.swift */,
				5003B8B5F7A8493DF7E9E6F1 /* CarPlay */,
				C773D73A89E8F7E46DB9DF45 /* Models */,
				68F3985DE180A021800E167E /* Services */,
				0CF398F1960C0CDE1D098E74 /* Utilities */,
				EA3F6D9177468E32851DF07D /* ViewModels */,
				80E87CC555691E1B96473016 /* Views */,
			);
			path = MobileMusic;
			sourceTree = "<group>";
		};
		68F3985DE180A021800E167E /* Services */ = {
			isa = PBXGroup;
			children = (
				A95BF97C9B16B6BD7EAA816A /* AudioPlayerService.swift */,
				A84CBEEA7102ADE14C97D0FD /* EPGParser.swift */,
				56546253C709FE2418B93F91 /* M3UParser.swift */,
				E4FFE3897911F00A540917AD /* PersistenceService.swift */,
				136E5F659B6374391CC8A290 /* ProviderManager.swift */,
				CB48A5B5EC60C25AB54F2237 /* XtreamCodesAPI.swift */,
			);
			path = Services;
			sourceTree = "<group>";
		};
		80E87CC555691E1B96473016 /* Views */ = {
			isa = PBXGroup;
			children = (
				BA12B23BD2BDAED291E45E4E /* ContentView.swift */,
				B8AB83EFF8DF43AEB52C5ADA /* EmptyStateView.swift */,
				327BF141E165815D1193F74D /* Channels */,
				3E4CA6AF6736A04BBD017206 /* EPG */,
				3031732BB796A9300C302EDD /* Favorites */,
				825E8C4CC523FE26A3DCD4FA /* Player */,
				13A1CC8C9FE68CCD8543BAF0 /* Provider */,
				FA8703D190CCEBC4489BE153 /* Settings */,
			);
			path = Views;
			sourceTree = "<group>";
		};
		825E8C4CC523FE26A3DCD4FA /* Player */ = {
			isa = PBXGroup;
			children = (
				F4D8C04CC29449BB473B8FE9 /* MiniPlayerView.swift */,
				EDE3993D3D5F274F0B2BB003 /* NowPlayingView.swift */,
			);
			path = Player;
			sourceTree = "<group>";
		};
		C773D73A89E8F7E46DB9DF45 /* Models */ = {
			isa = PBXGroup;
			children = (
				F454AB30C55C6D4BA13D317C /* AppSettings.swift */,
				7F5D1282A08435EA689F0E14 /* Channel.swift */,
				494290151F8A39A644248952 /* ChannelGroup.swift */,
				2147B0D3162CD1694291BB4C /* EPGEntry.swift */,
				76E1133C3FB1F333E9B48C89 /* Provider.swift */,
			);
			path = Models;
			sourceTree = "<group>";
		};
		EA3F6D9177468E32851DF07D /* ViewModels */ = {
			isa = PBXGroup;
			children = (
				75A536FB3E769041F8208C28 /* ChannelListViewModel.swift */,
				73F0B984C28D76263A5E0D20 /* FavoritesViewModel.swift */,
				F05412AC6FE0CBF0A4468C0F /* PlayerViewModel.swift */,
				13582F4A85BDE3769F076053 /* ProviderListViewModel.swift */,
				59FB05108CD0DBAC9BEA0BB2 /* SettingsViewModel.swift */,
			);
			path = ViewModels;
			sourceTree = "<group>";
		};
		EEA0AA99EF2AE78576AD87FB /* Products */ = {
			isa = PBXGroup;
			children = (
				79B258AB3FBF2B603E48EE29 /* MobileMusic.app */,
			);
			name = Products;
			sourceTree = "<group>";
		};
		FA8703D190CCEBC4489BE153 /* Settings */ = {
			isa = PBXGroup;
			children = (
				C6D0B12A83957AF0C97A0E1F /* SettingsView.swift */,
			);
			path = Settings;
			sourceTree = "<group>";
		};
/* End PBXGroup section */

/* Begin PBXNativeTarget section */
		3CBAB4DE65614B70E4F9778D /* MobileMusic */ = {
			isa = PBXNativeTarget;
			buildConfigurationList = 60AB0D4121FA4ABE1DAED1D4 /* Build configuration list for PBXNativeTarget "MobileMusic" */;
			buildPhases = (
				33A1D89D6D6C844A86EF2DF6 /* Sources */,
				B9DFDA6EFF7EBD7E85E974D9 /* Frameworks */,
			);
			buildRules = (
			);
			dependencies = (
			);
			name = MobileMusic;
			packageProductDependencies = (
				16FB296AB694686024E5EBCD /* VLCKitSPM */,
			);
			productName = MobileMusic;
			productReference = 79B258AB3FBF2B603E48EE29 /* MobileMusic.app */;
			productType = "com.apple.product-type.application";
		};
/* End PBXNativeTarget section */

/* Begin PBXProject section */
		D44C10039EA43FAA4E988C9E /* Project object */ = {
			isa = PBXProject;
			attributes = {
				BuildIndependentTargetsInParallel = YES;
				LastUpgradeCheck = 1500;
			};
			buildConfigurationList = E7FBAD8786E74511E1F742B3 /* Build configuration list for PBXProject "MobileMusic" */;
			compatibilityVersion = "Xcode 14.0";
			developmentRegion = en;
			hasScannedForEncodings = 0;
			knownRegions = (
				Base,
				en,
			);
			mainGroup = 31EB8650947CB81B14014755;
			minimizedProjectReferenceProxies = 1;
			packageReferences = (
				04791A5EAF42D540183E74EE /* XCRemoteSwiftPackageReference "vlckit-spm" */,
			);
			preferredProjectObjectVersion = 77;
			projectDirPath = "";
			projectRoot = "";
			targets = (
				3CBAB4DE65614B70E4F9778D /* MobileMusic */,
			);
		};
/* End PBXProject section */

/* Begin PBXSourcesBuildPhase section */
		33A1D89D6D6C844A86EF2DF6 /* Sources */ = {
			isa = PBXSourcesBuildPhase;
			buildActionMask = 2147483647;
			files = (
				D33D2FF5140F687A2257CCC9 /* AddProviderView.swift in Sources */,
				0B9C6BB76335F8BFA7FE4EC4 /* AppSettings.swift in Sources */,
				0F817A747F44677660C095D7 /* AudioPlayerService.swift in Sources */,
				6A5EE9273B278015A48EE5A8 /* CarPlaySceneDelegate.swift in Sources */,
				FD9E1F0EE2220B91E160E053 /* CarPlayTemplateManager.swift in Sources */,
				104F15E8A04FD6FFB76B2584 /* Channel.swift in Sources */,
				E0AD04187034CDE9FCDB4C4C /* ChannelGroup.swift in Sources */,
				CFAB41FCF8D0BA66C6107D10 /* ChannelListView.swift in Sources */,
				0F09EDF93312C6B0323BB864 /* ChannelListViewModel.swift in Sources */,
				3D3D8B0DC40252BF5CFD066A /* ChannelRowView.swift in Sources */,
				FBE76CD2D33D9FE1974C6C32 /* Constants.swift in Sources */,
				26F2074FFBD2C60908D34533 /* ContentView.swift in Sources */,
				4375AEE3FBAC47C6B682B813 /* EPGEntry.swift in Sources */,
				E231DD6A49AB8D2928BB8195 /* EPGParser.swift in Sources */,
				8D34458F1BCF490E1DC11170 /* EPGView.swift in Sources */,
				5B574E50BDFABF72E5E679F7 /* EmptyStateView.swift in Sources */,
				00B5D56E720F03D56DB1BFD1 /* Extensions.swift in Sources */,
				4E8A8346D049F8D9AD3CF47D /* FavoritesView.swift in Sources */,
				73ABAF5FD27B51DDE693E5CB /* FavoritesViewModel.swift in Sources */,
				32EDC261389961C0BA50D630 /* M3UParser.swift in Sources */,
				C35266C16E6C94197886CC3E /* MiniPlayerView.swift in Sources */,
				839F1F90AD8CB5BD9C4D9A64 /* MobileMusicApp.swift in Sources */,
				3FC38D2249E5FECC003F642E /* NowPlayingView.swift in Sources */,
				BD2C12FB2A17796CCFF9B339 /* PersistenceService.swift in Sources */,
				E028E4D99AC35A743A771C82 /* PlayerViewModel.swift in Sources */,
				52427721D81A7853F1D2ADE1 /* Provider.swift in Sources */,
				32EACAD5C8EB4E3604B935BF /* ProviderListView.swift in Sources */,
				6657453CA81590C7BBAFBED3 /* ProviderListViewModel.swift in Sources */,
				4F4FEF9531FDECF30994E056 /* ProviderManager.swift in Sources */,
				E67CD8AB0717FA4AFAD55686 /* SettingsView.swift in Sources */,
				95933A800CD28E004C9F7F81 /* SettingsViewModel.swift in Sources */,
				490B9B8D8ACFCB63F361D676 /* XtreamCodesAPI.swift in Sources */,
			);
			runOnlyForDeploymentPostprocessing = 0;
		};
/* End PBXSourcesBuildPhase section */

/* Begin XCBuildConfiguration section */
		3ADA1000612254A17945E658 /* Debug */ = {
			isa = XCBuildConfiguration;
			buildSettings = {
				ASSETCATALOG_COMPILER_APPICON_NAME = AppIcon;
				CODE_SIGN_ENTITLEMENTS = MobileMusic/MobileMusic.entitlements;
				CODE_SIGN_IDENTITY = "iPhone Developer";
				GENERATE_INFOPLIST_FILE = YES;
				INFOPLIST_FILE = MobileMusic/Info.plist;
				LD_RUNPATH_SEARCH_PATHS = (
					"$(inherited)",
					"@executable_path/Frameworks",
				);
				PRODUCT_BUNDLE_IDENTIFIER = com.mobilemusic.app;
				SDKROOT = iphoneos;
				TARGETED_DEVICE_FAMILY = "1,2";
			};
			name = Debug;
		};
		3DE2C4B72B3DCEE6ED7D22C2 /* Release */ = {
			isa = XCBuildConfiguration;
			buildSettings = {
				ALWAYS_SEARCH_USER_PATHS = NO;
				CLANG_ANALYZER_NONNULL = YES;
				CLANG_ANALYZER_NUMBER_OBJECT_CONVERSION = YES_AGGRESSIVE;
				CLANG_CXX_LANGUAGE_STANDARD = "gnu++14";
				CLANG_CXX_LIBRARY = "libc++";
				CLANG_ENABLE_MODULES = YES;
				CLANG_ENABLE_OBJC_ARC = YES;
				CLANG_ENABLE_OBJC_WEAK = YES;
				CLANG_WARN_BLOCK_CAPTURE_AUTORELEASING = YES;
				CLANG_WARN_BOOL_CONVERSION = YES;
				CLANG_WARN_COMMA = YES;
				CLANG_WARN_CONSTANT_CONVERSION = YES;
				CLANG_WARN_DEPRECATED_OBJC_IMPLEMENTATIONS = YES;
				CLANG_WARN_DIRECT_OBJC_ISA_USAGE = YES_ERROR;
				CLANG_WARN_DOCUMENTATION_COMMENTS = YES;
				CLANG_WARN_EMPTY_BODY = YES;
				CLANG_WARN_ENUM_CONVERSION = YES;
				CLANG_WARN_INFINITE_RECURSION = YES;
				CLANG_WARN_INT_CONVERSION = YES;
				CLANG_WARN_NON_LITERAL_NULL_CONVERSION = YES;
				CLANG_WARN_OBJC_IMPLICIT_RETAIN_SELF = YES;
				CLANG_WARN_OBJC_LITERAL_CONVERSION = YES;
				CLANG_WARN_OBJC_ROOT_CLASS = YES_ERROR;
				CLANG_WARN_QUOTED_INCLUDE_IN_FRAMEWORK_HEADER = YES;
				CLANG_WARN_RANGE_LOOP_ANALYSIS = YES;
				CLANG_WARN_STRICT_PROTOTYPES = YES;
				CLANG_WARN_SUSPICIOUS_MOVE = YES;
				CLANG_WARN_UNGUARDED_AVAILABILITY = YES_AGGRESSIVE;
				CLANG_WARN_UNREACHABLE_CODE = YES;
				CLANG_WARN__DUPLICATE_METHOD_MATCH = YES;
				COPY_PHASE_STRIP = NO;
				DEBUG_INFORMATION_FORMAT = "dwarf-with-dsym";
				ENABLE_NS_ASSERTIONS = NO;
				ENABLE_STRICT_OBJC_MSGSEND = YES;
				GCC_C_LANGUAGE_STANDARD = gnu11;
				GCC_NO_COMMON_BLOCKS = YES;
				GCC_WARN_64_TO_32_BIT_CONVERSION = YES;
				GCC_WARN_ABOUT_RETURN_TYPE = YES_ERROR;
				GCC_WARN_UNDECLARED_SELECTOR = YES;
				GCC_WARN_UNINITIALIZED_AUTOS = YES_AGGRESSIVE;
				GCC_WARN_UNUSED_FUNCTION = YES;
				GCC_WARN_UNUSED_VARIABLE = YES;
				IPHONEOS_DEPLOYMENT_TARGET = 16.0;
				MTL_ENABLE_DEBUG_INFO = NO;
				MTL_FAST_MATH = YES;
				PRODUCT_NAME = "$(TARGET_NAME)";
				SDKROOT = iphoneos;
				SWIFT_COMPILATION_MODE = wholemodule;
				SWIFT_OPTIMIZATION_LEVEL = "-O";
				SWIFT_VERSION = 5.9;
				TARGETED_DEVICE_FAMILY = "1,2";
			};
			name = Release;
		};
		8EB3022EEEF70789DD437599 /* Debug */ = {
			isa = XCBuildConfiguration;
			buildSettings = {
				ALWAYS_SEARCH_USER_PATHS = NO;
				CLANG_ANALYZER_NONNULL = YES;
				CLANG_ANALYZER_NUMBER_OBJECT_CONVERSION = YES_AGGRESSIVE;
				CLANG_CXX_LANGUAGE_STANDARD = "gnu++14";
				CLANG_CXX_LIBRARY = "libc++";
				CLANG_ENABLE_MODULES = YES;
				CLANG_ENABLE_OBJC_ARC = YES;
				CLANG_ENABLE_OBJC_WEAK = YES;
				CLANG_WARN_BLOCK_CAPTURE_AUTORELEASING = YES;
				CLANG_WARN_BOOL_CONVERSION = YES;
				CLANG_WARN_COMMA = YES;
				CLANG_WARN_CONSTANT_CONVERSION = YES;
				CLANG_WARN_DEPRECATED_OBJC_IMPLEMENTATIONS = YES;
				CLANG_WARN_DIRECT_OBJC_ISA_USAGE = YES_ERROR;
				CLANG_WARN_DOCUMENTATION_COMMENTS = YES;
				CLANG_WARN_EMPTY_BODY = YES;
				CLANG_WARN_ENUM_CONVERSION = YES;
				CLANG_WARN_INFINITE_RECURSION = YES;
				CLANG_WARN_INT_CONVERSION = YES;
				CLANG_WARN_NON_LITERAL_NULL_CONVERSION = YES;
				CLANG_WARN_OBJC_IMPLICIT_RETAIN_SELF = YES;
				CLANG_WARN_OBJC_LITERAL_CONVERSION = YES;
				CLANG_WARN_OBJC_ROOT_CLASS = YES_ERROR;
				CLANG_WARN_QUOTED_INCLUDE_IN_FRAMEWORK_HEADER = YES;
				CLANG_WARN_RANGE_LOOP_ANALYSIS = YES;
				CLANG_WARN_STRICT_PROTOTYPES = YES;
				CLANG_WARN_SUSPICIOUS_MOVE = YES;
				CLANG_WARN_UNGUARDED_AVAILABILITY = YES_AGGRESSIVE;
				CLANG_WARN_UNREACHABLE_CODE = YES;
				CLANG_WARN__DUPLICATE_METHOD_MATCH = YES;
				COPY_PHASE_STRIP = NO;
				DEBUG_INFORMATION_FORMAT = dwarf;
				ENABLE_STRICT_OBJC_MSGSEND = YES;
				ENABLE_TESTABILITY = YES;
				GCC_C_LANGUAGE_STANDARD = gnu11;
				GCC_DYNAMIC_NO_PIC = NO;
				GCC_NO_COMMON_BLOCKS = YES;
				GCC_OPTIMIZATION_LEVEL = 0;
				GCC_PREPROCESSOR_DEFINITIONS = (
					"$(inherited)",
					"DEBUG=1",
				);
				GCC_WARN_64_TO_32_BIT_CONVERSION = YES;
				GCC_WARN_ABOUT_RETURN_TYPE = YES_ERROR;
				GCC_WARN_UNDECLARED_SELECTOR = YES;
				GCC_WARN_UNINITIALIZED_AUTOS = YES_AGGRESSIVE;
				GCC_WARN_UNUSED_FUNCTION = YES;
				GCC_WARN_UNUSED_VARIABLE = YES;
				IPHONEOS_DEPLOYMENT_TARGET = 16.0;
				MTL_ENABLE_DEBUG_INFO = INCLUDE_SOURCE;
				MTL_FAST_MATH = YES;
				ONLY_ACTIVE_ARCH = YES;
				PRODUCT_NAME = "$(TARGET_NAME)";
				SDKROOT = iphoneos;
				SWIFT_ACTIVE_COMPILATION_CONDITIONS = DEBUG;
				SWIFT_OPTIMIZATION_LEVEL = "-Onone";
				SWIFT_VERSION = 5.9;
				TARGETED_DEVICE_FAMILY = "1,2";
			};
			name = Debug;
		};
		FDF9AF16E9FC8C48C822E4E9 /* Release */ = {
			isa = XCBuildConfiguration;
			buildSettings = {
				ASSETCATALOG_COMPILER_APPICON_NAME = AppIcon;
				CODE_SIGN_ENTITLEMENTS = MobileMusic/MobileMusic.entitlements;
				CODE_SIGN_IDENTITY = "iPhone Developer";
				GENERATE_INFOPLIST_FILE = YES;
				INFOPLIST_FILE = MobileMusic/Info.plist;
				LD_RUNPATH_SEARCH_PATHS = (
					"$(inherited)",
					"@executable_path/Frameworks",
				);
				PRODUCT_BUNDLE_IDENTIFIER = com.mobilemusic.app;
				SDKROOT = iphoneos;
				TARGETED_DEVICE_FAMILY = "1,2";
			};
			name = Release;
		};
/* End XCBuildConfiguration section */

/* Begin XCConfigurationList section */
		60AB0D4121FA4ABE1DAED1D4 /* Build configuration list for PBXNativeTarget "MobileMusic" */ = {
			isa = XCConfigurationList;
			buildConfigurations = (
				3ADA1000612254A17945E658 /* Debug */,
				FDF9AF16E9FC8C48C822E4E9 /* Release */,
			);
			defaultConfigurationIsVisible = 0;
			defaultConfigurationName = Debug;
		};
		E7FBAD8786E74511E1F742B3 /* Build configuration list for PBXProject "MobileMusic" */ = {
			isa = XCConfigurationList;
			buildConfigurations = (
				8EB3022EEEF70789DD437599 /* Debug */,
				3DE2C4B72B3DCEE6ED7D22C2 /* Release */,
			);
			defaultConfigurationIsVisible = 0;
			defaultConfigurationName = Debug;
		};
/* End XCConfigurationList section */

/* Begin XCRemoteSwiftPackageReference section */
		04791A5EAF42D540183E74EE /* XCRemoteSwiftPackageReference "vlckit-spm" */ = {
			isa = XCRemoteSwiftPackageReference;
			repositoryURL = "https://github.com/tylerjonesio/vlckit-spm";
			requirement = {
				kind = upToNextMajorVersion;
				minimumVersion = 3.5.1;
			};
		};
/* End XCRemoteSwiftPackageReference section */

/* Begin XCSwiftPackageProductDependency section */
		16FB296AB694686024E5EBCD /* VLCKitSPM */ = {
			isa = XCSwiftPackageProductDependency;
			package = 04791A5EAF42D540183E74EE /* XCRemoteSwiftPackageReference "vlckit-spm" */;
			productName = VLCKitSPM;
		};
/* End XCSwiftPackageProductDependency section */
	};
	rootObject = D44C10039EA43FAA4E988C9E /* Project object */;
}
