{
  "originHash" : "6c0bd32e9cedf4b6013dbf2bf0e044d1f83ab421a0249617fb21ee27d815b179",
  "pins" : [
    {
      "identity" : "grdb.swift",
      "kind" : "remoteSourceControl",
      "location" : "https://github.com/groue/GRDB.swift",
      "state" : {
        "revision" : "2cf6c756e1e5ef6901ebae16576a7e4e4b834622",
        "version" : "6.29.3"
      }
    },
    {
      "identity" : "vlckit-spm",
      "kind" : "remoteSourceControl",
      "location" : "https://github.com/tylerjonesio/vlckit-spm",
      "state" : {
        "revision" : "e932bbd488872fdb74f6654d28c2f291eae03daf",
        "version" : "3.6.0"
      }
    }
  ],
  "version" : 3
}
