// !$*UTF8*$!
{
	archiveVersion = 1;
	classes = {
	};
	objectVersion = 77;
	objects = {

/* Begin PBXBuildFile section */
		0FA89C70038A8D734ACBE2B6 /* ShareViewController.swift in Sources */ = {isa = PBXBuildFile; fileRef = BCAC8C26132C648A120C1ED4 /* ShareViewController.swift */; };
		18545F1BF1AC67A74DF31F74 /* GroupManagementView.swift in Sources */ = {isa = PBXBuildFile; fileRef = 79C66CE94686CD52A6CD0AC6 /* GroupManagementView.swift */; };
		1B7FBCE2515815B7E0C64087 /* XtreamCodesAPITests.swift in Sources */ = {isa = PBXBuildFile; fileRef = 9F0B5B96D1BAC2865F5B524D /* XtreamCodesAPITests.swift */; };
		1CC9AC317E17D1AD301D41B8 /* Assets.xcassets in Resources */ = {isa = PBXBuildFile; fileRef = 2591A7C2156E83DA1F2F30CE /* Assets.xcassets */; };
		1F472084E1C6BE3D8F3AA94C /* AboutSettingsView.swift in Sources */ = {isa = PBXBuildFile; fileRef = 310F900A75D0B606DEB7F49F /* AboutSettingsView.swift */; };
		23D89FC8A6D7E6C0C13EEACD /* NowPlayingView.swift in Sources */ = {isa = PBXBuildFile; fileRef = F3B7EAC9EEC3720784F5BFDF /* NowPlayingView.swift */; };
		2B16DDBB8A24A98B6C6B2D5E /* VLCKitSPM in Frameworks */ = {isa = PBXBuildFile; productRef = 30FF9E502BE3A16ABFA545D6 /* VLCKitSPM */; };
		3087C9F54DF7B5577BA5B363 /* AdagioStreamCore in Frameworks */ = {isa = PBXBuildFile; productRef = 4FE9B759B2A14A830BF51FBE /* AdagioStreamCore */; };
		33C3578193ABE2495606970B /* CarPlayTemplateManager.swift in Sources */ = {isa = PBXBuildFile; fileRef = 29E03DAEBBD9485209B049DB /* CarPlayTemplateManager.swift */; };
		34CB3D0C2BF98BD9AB6EFB5F /* AddProviderView.swift in Sources */ = {isa = PBXBuildFile; fileRef = 3ACF35847EA0740DA4E477A6 /* AddProviderView.swift */; };
		388C6E67648A7F7DF0B8C0DC /* ChannelsAccountsSettingsView.swift in Sources */ = {isa = PBXBuildFile; fileRef = 7515CF1536D0D00A7E4C5568 /* ChannelsAccountsSettingsView.swift */; };
		403FD2102DB1357FB4DF8348 /* CustomPlaylistEntryRowView.swift in Sources */ = {isa = PBXBuildFile; fileRef = A79AEEE3FADF91F848FD30C3 /* CustomPlaylistEntryRowView.swift */; };
		40DCCC69DD226BEBBEBADDFE /* AppearanceSettingsView.swift in Sources */ = {isa = PBXBuildFile; fileRef = E74E1BC12E2BCD838B7CC68B /* AppearanceSettingsView.swift */; };
		4639618DDCB6535986BBBA36 /* GlassEffect+Helpers.swift in Sources */ = {isa = PBXBuildFile; fileRef = B9FCFDD12A0ED12C750422CB /* GlassEffect+Helpers.swift */; };
		47911B7F0C6396628A25C035 /* MaskedTextField.swift in Sources */ = {isa = PBXBuildFile; fileRef = D27383F186EB3DC4FC9B8C0C /* MaskedTextField.swift */; };
		4AD21563E4090F6A9BDE4065 /* DiagnosticsView.swift in Sources */ = {isa = PBXBuildFile; fileRef = 25725EB8F5AF7159B8D7A5A1 /* DiagnosticsView.swift */; };
		4AD87E8A3418572587C82242 /* AdagioStreamCore in Frameworks */ = {isa = PBXBuildFile; productRef = 5CF81B23A358B01EAA5F38FB /* AdagioStreamCore */; };
		4E32B343F30E26B3E8341B14 /* PrivacyPolicyView.swift in Sources */ = {isa = PBXBuildFile; fileRef = 6D13D3C7E0800E76E4872C0C /* PrivacyPolicyView.swift */; };
		50EAABFC70A007E1531BF67E /* MiniPlayerView.swift in Sources */ = {isa = PBXBuildFile; fileRef = 9ABFBEA3069FEFB81E33B4DF /* MiniPlayerView.swift */; };
		52087B78E099DB1DF5E26356 /* SettingsView.swift in Sources */ = {isa = PBXBuildFile; fileRef = D099586458688D813DF57122 /* SettingsView.swift */; };
		573D9FD1792C3D1E63352518 /* RetryableAsyncImage.swift in Sources */ = {isa = PBXBuildFile; fileRef = 4455F7037718720E1C277C69 /* RetryableAsyncImage.swift */; };
		575D753F86DFC83AEBD874E0 /* CustomPlaylistListView.swift in Sources */ = {isa = PBXBuildFile; fileRef = 62BA951B52AA391895D82516 /* CustomPlaylistListView.swift */; };
		5A13537DC1ADD85384A482D2 /* ProviderListView.swift in Sources */ = {isa = PBXBuildFile; fileRef = 64EF86369F656FD2C55498D1 /* ProviderListView.swift */; };
		5CDA0B2D887C7B36FA8B4D36 /* AddToPlaylistSheet.swift in Sources */ = {isa = PBXBuildFile; fileRef = 1C6F942DD99FD99986EE7506 /* AddToPlaylistSheet.swift */; };
		64F52CD1C4A2C9C45AAE434E /* EPGParserTests.swift in Sources */ = {isa = PBXBuildFile; fileRef = A1CF4778448EC75225E98912 /* EPGParserTests.swift */; };
		652F0E6ADB07B4CF2DDD8E7F /* LicensesView.swift in Sources */ = {isa = PBXBuildFile; fileRef = 9593372A158F40D59BB914AC /* LicensesView.swift */; };
		6BD1E1B2F9E151F4C20C002C /* ChannelListView.swift in Sources */ = {isa = PBXBuildFile; fileRef = 09B258B0EF620197CC9833E0 /* ChannelListView.swift */; };
		6D2F4482B688673D9C5B1844 /* ChannelRowView.swift in Sources */ = {isa = PBXBuildFile; fileRef = 1A6C821312E4FA8E96D872A3 /* ChannelRowView.swift */; };
		743B9ECFB3057C393642ADE5 /* ProviderManagementView.swift in Sources */ = {isa = PBXBuildFile; fileRef = A49B5499FEB06793F277174C /* ProviderManagementView.swift */; };
		75B1F28D1D83608220D3B79F /* ShareSheet.swift in Sources */ = {isa = PBXBuildFile; fileRef = 7DD913E9A26B3322688E877D /* ShareSheet.swift */; };
		781DB2044B7B08D363A75F59 /* AdagioStreamApp.swift in Sources */ = {isa = PBXBuildFile; fileRef = CFC92A0CDDC4C9AFBAAC3DDA /* AdagioStreamApp.swift */; };
		840B6B3CBCCD32E7362FD0B0 /* LGPL-2.1.txt in Resources */ = {isa = PBXBuildFile; fileRef = CBE71EE57338E91114F4A789 /* LGPL-2.1.txt */; };
		887D128D10404952F62F291A /* SavedSongRowView.swift in Sources */ = {isa = PBXBuildFile; fileRef = 0982A54986A0B2346C8D34F4 /* SavedSongRowView.swift */; };
		931E7C0E398797081F1C7C4A /* WelcomeSetupView.swift in Sources */ = {isa = PBXBuildFile; fileRef = 2311F8C124F6DE377BF44ED6 /* WelcomeSetupView.swift */; };
		987AA9ADB45C60F54C55F54E /* SavedSongsView.swift in Sources */ = {isa = PBXBuildFile; fileRef = 93C4E8E849B51924BF7E05CE /* SavedSongsView.swift */; };
		9937DB1DC3D0E8872DEECA26 /* AirPlayRoutePickerView.swift in Sources */ = {isa = PBXBuildFile; fileRef = A3FA365F7131A727DB1A7C79 /* AirPlayRoutePickerView.swift */; };
		9C1BC605AC3359E35C7032DA /* PlayerViewModel.swift in Sources */ = {isa = PBXBuildFile; fileRef = 9EC85F4830893AAB69811C83 /* PlayerViewModel.swift */; };
		9F831368D8598DB26C48DD1B /* CarPlaySceneDelegate.swift in Sources */ = {isa = PBXBuildFile; fileRef = EBEDEBD30F3138B52EF04EE8 /* CarPlaySceneDelegate.swift */; };
		9FFB4202AD0D0777D1F2278F /* M3UParserTests.swift in Sources */ = {isa = PBXBuildFile; fileRef = 1CB97A4EB0205E8425BC244C /* M3UParserTests.swift */; };
		A0909B69676AA1A75CD921BD /* DataDeletionService.swift in Sources */ = {isa = PBXBuildFile; fileRef = 5BA6BA55D8B2218DA3C7CE2D /* DataDeletionService.swift */; };
		A24C54030E71F5C2907BD1D4 /* CustomPlaylistDetailView.swift in Sources */ = {isa = PBXBuildFile; fileRef = 1DCAEB426F36F498D4A42B59 /* CustomPlaylistDetailView.swift */; };
		A260CCCD1191957DE0C6739E /* AdagioStartupView.swift in Sources */ = {isa = PBXBuildFile; fileRef = 5007C81620324434051842F8 /* AdagioStartupView.swift */; };
		AC45A485F3635077A4F77F16 /* AdvancedSettingsView.swift in Sources */ = {isa = PBXBuildFile; fileRef = ED0AFF16CFCF018CEE87BF70 /* AdvancedSettingsView.swift */; };
		B4352E12C839218FF584655F /* EPGEntryTests.swift in Sources */ = {isa = PBXBuildFile; fileRef = 99A135BC9837A3E2B0F7B223 /* EPGEntryTests.swift */; };
		B87BC6F49DF0702DA8B0E033 /* ChannelListViewModel.swift in Sources */ = {isa = PBXBuildFile; fileRef = 48F7855554D238CE0CCF1A92 /* ChannelListViewModel.swift */; };
		C0814BA417A9237B8348F95F /* EPGView.swift in Sources */ = {isa = PBXBuildFile; fileRef = F7085743DF9FDAF7CAEDB0CA /* EPGView.swift */; };
		C33682D5D1ABB2E9969E7F39 /* DebugLoggerTests.swift in Sources */ = {isa = PBXBuildFile; fileRef = 275533EFCFE43202F2ADCCA7 /* DebugLoggerTests.swift */; };
		C733EDA151EC0DF936A3D4E9 /* PlaybackSettingsView.swift in Sources */ = {isa = PBXBuildFile; fileRef = EE137FF651110189C708941D /* PlaybackSettingsView.swift */; };
		CAE6D92CBA3B1131CDF25782 /* LaunchScreen.storyboard in Resources */ = {isa = PBXBuildFile; fileRef = 9CEDCCDBA46AF67C4F407B61 /* LaunchScreen.storyboard */; };
		DB6E448BE506EEB225B8C176 /* ShareExtension.appex in Embed Foundation Extensions */ = {isa = PBXBuildFile; fileRef = E601D82BA3CB20C6A4A7AA02 /* ShareExtension.appex */; settings = {ATTRIBUTES = (RemoveHeadersOnCopy, ); }; };
		DE4680A0F80ECD7335DA0F96 /* SettingsViewModel.swift in Sources */ = {isa = PBXBuildFile; fileRef = B785664AF5E9481E580421E3 /* SettingsViewModel.swift */; };
		E032C4F703760B550098655D /* FavoritesViewModel.swift in Sources */ = {isa = PBXBuildFile; fileRef = 9541EE6203AB2FBFB79CC872 /* FavoritesViewModel.swift */; };
		E30B9AAD862A214E0956261F /* ExtensionsTests.swift in Sources */ = {isa = PBXBuildFile; fileRef = 2F942349F00AAF310CADA2F8 /* ExtensionsTests.swift */; };
		E58E85C5EE28042C379F39D4 /* EmptyStateView.swift in Sources */ = {isa = PBXBuildFile; fileRef = 74B4DC5538BB2F2E94AFFFA2 /* EmptyStateView.swift */; };
		E635A6E210A5998E1CD2D537 /* ContentView.swift in Sources */ = {isa = PBXBuildFile; fileRef = 9DCB0C46B512BF4D2919E11A /* ContentView.swift */; };
		E6770E028819F7C202725955 /* PrivacyInfo.xcprivacy in Resources */ = {isa = PBXBuildFile; fileRef = DD655FE0B0CC486FB1E43572 /* PrivacyInfo.xcprivacy */; };
		FC1D7B8859598B5F134199CD /* FavoritesView.swift in Sources */ = {isa = PBXBuildFile; fileRef = F5186F218805196281702F1A /* FavoritesView.swift */; };
		FED5CDA6EF22B52859A0F0A1 /* SharedURLSheet.swift in Sources */ = {isa = PBXBuildFile; fileRef = E480C8AB7E4CA4DEA484E968 /* SharedURLSheet.swift */; };
		FF289466EAF3E3A99B8177FC /* AddManualEntryView.swift in Sources */ = {isa = PBXBuildFile; fileRef = D903CA55661DD9736AA33128 /* AddManualEntryView.swift */; };
		FFAABCBC274AD0B984B04223 /* ProviderListViewModel.swift in Sources */ = {isa = PBXBuildFile; fileRef = E27443BF9C86A1DFBA09CEE9 /* ProviderListViewModel.swift */; };
/* End PBXBuildFile section */

/* Begin PBXContainerItemProxy section */
		0DFF0788FFEFC90973DBEFED /* PBXContainerItemProxy */ = {
			isa = PBXContainerItemProxy;
			containerPortal = 0C491AA48FB5EFE41DEFBA97 /* Project object */;
			proxyType = 1;
			remoteGlobalIDString = C17E869021DD65C8DA520AAD;
			remoteInfo = ShareExtension;
		};
		1B82872307F0A66CBC7A4DF1 /* PBXContainerItemProxy */ = {
			isa = PBXContainerItemProxy;
			containerPortal = 0C491AA48FB5EFE41DEFBA97 /* Project object */;
			proxyType = 1;
			remoteGlobalIDString = C4219BBA2AD1D3270C174F2D;
			remoteInfo = AdagioStream;
		};
/* End PBXContainerItemProxy section */

/* Begin PBXCopyFilesBuildPhase section */
		2E1C115EC7AEAF8BEB569CA3 /* Embed Foundation Extensions */ = {
			isa = PBXCopyFilesBuildPhase;
			buildActionMask = 2147483647;
			dstPath = "";
			dstSubfolderSpec = 13;
			files = (
				DB6E448BE506EEB225B8C176 /* ShareExtension.appex in Embed Foundation Extensions */,
			);
			name = "Embed Foundation Extensions";
			runOnlyForDeploymentPostprocessing = 0;
		};
/* End PBXCopyFilesBuildPhase section */

/* Begin PBXFileReference section */
		09037EC9D6025B184F4A718E /* Info.plist */ = {isa = PBXFileReference; lastKnownFileType = text.plist; path = Info.plist; sourceTree = "<group>"; };
		0982A54986A0B2346C8D34F4 /* SavedSongRowView.swift */ = {isa = PBXFileReference; lastKnownFileType = sourcecode.swift; path = SavedSongRowView.swift; sourceTree = "<group>"; };
		09B258B0EF620197CC9833E0 /* ChannelListView.swift */ = {isa = PBXFileReference; lastKnownFileType = sourcecode.swift; path = ChannelListView.swift; sourceTree = "<group>"; };
		1A6C821312E4FA8E96D872A3 /* ChannelRowView.swift */ = {isa = PBXFileReference; lastKnownFileType = sourcecode.swift; path = ChannelRowView.swift; sourceTree = "<group>"; };
		1C6F942DD99FD99986EE7506 /* AddToPlaylistSheet.swift */ = {isa = PBXFileReference; lastKnownFileType = sourcecode.swift; path = AddToPlaylistSheet.swift; sourceTree = "<group>"; };
		1CB97A4EB0205E8425BC244C /* M3UParserTests.swift */ = {isa = PBXFileReference; lastKnownFileType = sourcecode.swift; path = M3UParserTests.swift; sourceTree = "<group>"; };
		1DCAEB426F36F498D4A42B59 /* CustomPlaylistDetailView.swift */ = {isa = PBXFileReference; lastKnownFileType = sourcecode.swift; path = CustomPlaylistDetailView.swift; sourceTree = "<group>"; };
		2311F8C124F6DE377BF44ED6 /* WelcomeSetupView.swift */ = {isa = PBXFileReference; lastKnownFileType = sourcecode.swift; path = WelcomeSetupView.swift; sourceTree = "<group>"; };
		25725EB8F5AF7159B8D7A5A1 /* DiagnosticsView.swift */ = {isa = PBXFileReference; lastKnownFileType = sourcecode.swift; path = DiagnosticsView.swift; sourceTree = "<group>"; };
		2591A7C2156E83DA1F2F30CE /* Assets.xcassets */ = {isa = PBXFileReference; lastKnownFileType = folder.assetcatalog; path = Assets.xcassets; sourceTree = "<group>"; };
		275533EFCFE43202F2ADCCA7 /* DebugLoggerTests.swift */ = {isa = PBXFileReference; lastKnownFileType = sourcecode.swift; path = DebugLoggerTests.swift; sourceTree = "<group>"; };
		29E03DAEBBD9485209B049DB /* CarPlayTemplateManager.swift */ = {isa = PBXFileReference; lastKnownFileType = sourcecode.swift; path = CarPlayTemplateManager.swift; sourceTree = "<group>"; };
		2E0773D0B4CD7353ACEADE32 /* AdagioStream.entitlements */ = {isa = PBXFileReference; lastKnownFileType = text.plist.entitlements; path = AdagioStream.entitlements; sourceTree = "<group>"; };
		2F942349F00AAF310CADA2F8 /* ExtensionsTests.swift */ = {isa = PBXFileReference; lastKnownFileType = sourcecode.swift; path = ExtensionsTests.swift; sourceTree = "<group>"; };
		310F900A75D0B606DEB7F49F /* AboutSettingsView.swift */ = {isa = PBXFileReference; lastKnownFileType = sourcecode.swift; path = AboutSettingsView.swift; sourceTree = "<group>"; };
		3ACF35847EA0740DA4E477A6 /* AddProviderView.swift */ = {isa = PBXFileReference; lastKnownFileType = sourcecode.swift; path = AddProviderView.swift; sourceTree = "<group>"; };
		4401D9AC0133CFF568B05F0D /* AdagioStreamCore */ = {isa = PBXFileReference; lastKnownFileType = folder; name = AdagioStreamCore; path = ../AdagioStreamCore; sourceTree = SOURCE_ROOT; };
		4455F7037718720E1C277C69 /* RetryableAsyncImage.swift */ = {isa = PBXFileReference; lastKnownFileType = sourcecode.swift; path = RetryableAsyncImage.swift; sourceTree = "<group>"; };
		48F7855554D238CE0CCF1A92 /* ChannelListViewModel.swift */ = {isa = PBXFileReference; lastKnownFileType = sourcecode.swift; path = ChannelListViewModel.swift; sourceTree = "<group>"; };
		5007C81620324434051842F8 /* AdagioStartupView.swift */ = {isa = PBXFileReference; lastKnownFileType = sourcecode.swift; path = AdagioStartupView.swift; sourceTree = "<group>"; };
		5BA6BA55D8B2218DA3C7CE2D /* DataDeletionService.swift */ = {isa = PBXFileReference; lastKnownFileType = sourcecode.swift; path = DataDeletionService.swift; sourceTree = "<group>"; };
		5D4EB311F106E7633D4C135D /* Info.plist */ = {isa = PBXFileReference; lastKnownFileType = text.plist; path = Info.plist; sourceTree = "<group>"; };
		62BA951B52AA391895D82516 /* CustomPlaylistListView.swift */ = {isa = PBXFileReference; lastKnownFileType = sourcecode.swift; path = CustomPlaylistListView.swift; sourceTree = "<group>"; };
		64EF86369F656FD2C55498D1 /* ProviderListView.swift */ = {isa = PBXFileReference; lastKnownFileType = sourcecode.swift; path = ProviderListView.swift; sourceTree = "<group>"; };
		6D13D3C7E0800E76E4872C0C /* PrivacyPolicyView.swift */ = {isa = PBXFileReference; lastKnownFileType = sourcecode.swift; path = PrivacyPolicyView.swift; sourceTree = "<group>"; };
		74B4DC5538BB2F2E94AFFFA2 /* EmptyStateView.swift */ = {isa = PBXFileReference; lastKnownFileType = sourcecode.swift; path = EmptyStateView.swift; sourceTree = "<group>"; };
		7515CF1536D0D00A7E4C5568 /* ChannelsAccountsSettingsView.swift */ = {isa = PBXFileReference; lastKnownFileType = sourcecode.swift; path = ChannelsAccountsSettingsView.swift; sourceTree = "<group>"; };
		79C66CE94686CD52A6CD0AC6 /* GroupManagementView.swift */ = {isa = PBXFileReference; lastKnownFileType = sourcecode.swift; path = GroupManagementView.swift; sourceTree = "<group>"; };
		7DD913E9A26B3322688E877D /* ShareSheet.swift */ = {isa = PBXFileReference; lastKnownFileType = sourcecode.swift; path = ShareSheet.swift; sourceTree = "<group>"; };
		93C4E8E849B51924BF7E05CE /* SavedSongsView.swift */ = {isa = PBXFileReference; lastKnownFileType = sourcecode.swift; path = SavedSongsView.swift; sourceTree = "<group>"; };
		9541EE6203AB2FBFB79CC872 /* FavoritesViewModel.swift */ = {isa = PBXFileReference; lastKnownFileType = sourcecode.swift; path = FavoritesViewModel.swift; sourceTree = "<group>"; };
		9593372A158F40D59BB914AC /* LicensesView.swift */ = {isa = PBXFileReference; lastKnownFileType = sourcecode.swift; path = LicensesView.swift; sourceTree = "<group>"; };
		99A135BC9837A3E2B0F7B223 /* EPGEntryTests.swift */ = {isa = PBXFileReference; lastKnownFileType = sourcecode.swift; path = EPGEntryTests.swift; sourceTree = "<group>"; };
		9ABFBEA3069FEFB81E33B4DF /* MiniPlayerView.swift */ = {isa = PBXFileReference; lastKnownFileType = sourcecode.swift; path = MiniPlayerView.swift; sourceTree = "<group>"; };
		9CEDCCDBA46AF67C4F407B61 /* LaunchScreen.storyboard */ = {isa = PBXFileReference; lastKnownFileType = file.storyboard; path = LaunchScreen.storyboard; sourceTree = "<group>"; };
		9DCB0C46B512BF4D2919E11A /* ContentView.swift */ = {isa = PBXFileReference; lastKnownFileType = sourcecode.swift; path = ContentView.swift; sourceTree = "<group>"; };
		9EC85F4830893AAB69811C83 /* PlayerViewModel.swift */ = {isa = PBXFileReference; lastKnownFileType = sourcecode.swift; path = PlayerViewModel.swift; sourceTree = "<group>"; };
		9F0B5B96D1BAC2865F5B524D /* XtreamCodesAPITests.swift */ = {isa = PBXFileReference; lastKnownFileType = sourcecode.swift; path = XtreamCodesAPITests.swift; sourceTree = "<group>"; };
		A1CF4778448EC75225E98912 /* EPGParserTests.swift */ = {isa = PBXFileReference; lastKnownFileType = sourcecode.swift; path = EPGParserTests.swift; sourceTree = "<group>"; };
		A3FA365F7131A727DB1A7C79 /* AirPlayRoutePickerView.swift */ = {isa = PBXFileReference; lastKnownFileType = sourcecode.swift; path = AirPlayRoutePickerView.swift; sourceTree = "<group>"; };
		A49B5499FEB06793F277174C /* ProviderManagementView.swift */ = {isa = PBXFileReference; lastKnownFileType = sourcecode.swift; path = ProviderManagementView.swift; sourceTree = "<group>"; };
		A79AEEE3FADF91F848FD30C3 /* CustomPlaylistEntryRowView.swift */ = {isa = PBXFileReference; lastKnownFileType = sourcecode.swift; path = CustomPlaylistEntryRowView.swift; sourceTree = "<group>"; };
		B56D275AEA9D2D16A52AC178 /* AdagioStreamTests.xctest */ = {isa = PBXFileReference; includeInIndex = 0; lastKnownFileType = wrapper.cfbundle; path = AdagioStreamTests.xctest; sourceTree = BUILT_PRODUCTS_DIR; };
		B785664AF5E9481E580421E3 /* SettingsViewModel.swift */ = {isa = PBXFileReference; lastKnownFileType = sourcecode.swift; path = SettingsViewModel.swift; sourceTree = "<group>"; };
		B9FCFDD12A0ED12C750422CB /* GlassEffect+Helpers.swift */ = {isa = PBXFileReference; lastKnownFileType = sourcecode.swift; path = "GlassEffect+Helpers.swift"; sourceTree = "<group>"; };
		BCAC8C26132C648A120C1ED4 /* ShareViewController.swift */ = {isa = PBXFileReference; lastKnownFileType = sourcecode.swift; path = ShareViewController.swift; sourceTree = "<group>"; };
		CA8FBFCBC5F7D6224976D34F /* ShareExtension.entitlements */ = {isa = PBXFileReference; lastKnownFileType = text.plist.entitlements; path = ShareExtension.entitlements; sourceTree = "<group>"; };
		CBE71EE57338E91114F4A789 /* LGPL-2.1.txt */ = {isa = PBXFileReference; lastKnownFileType = text; path = "LGPL-2.1.txt"; sourceTree = "<group>"; };
		CFC92A0CDDC4C9AFBAAC3DDA /* AdagioStreamApp.swift */ = {isa = PBXFileReference; lastKnownFileType = sourcecode.swift; path = AdagioStreamApp.swift; sourceTree = "<group>"; };
		D099586458688D813DF57122 /* SettingsView.swift */ = {isa = PBXFileReference; lastKnownFileType = sourcecode.swift; path = SettingsView.swift; sourceTree = "<group>"; };
		D27383F186EB3DC4FC9B8C0C /* MaskedTextField.swift */ = {isa = PBXFileReference; lastKnownFileType = sourcecode.swift; path = MaskedTextField.swift; sourceTree = "<group>"; };
		D903CA55661DD9736AA33128 /* AddManualEntryView.swift */ = {isa = PBXFileReference; lastKnownFileType = sourcecode.swift; path = AddManualEntryView.swift; sourceTree = "<group>"; };
		DD655FE0B0CC486FB1E43572 /* PrivacyInfo.xcprivacy */ = {isa = PBXFileReference; path = PrivacyInfo.xcprivacy; sourceTree = "<group>"; };
		E27443BF9C86A1DFBA09CEE9 /* ProviderListViewModel.swift */ = {isa = PBXFileReference; lastKnownFileType = sourcecode.swift; path = ProviderListViewModel.swift; sourceTree = "<group>"; };
		E480C8AB7E4CA4DEA484E968 /* SharedURLSheet.swift */ = {isa = PBXFileReference; lastKnownFileType = sourcecode.swift; path = SharedURLSheet.swift; sourceTree = "<group>"; };
		E601D82BA3CB20C6A4A7AA02 /* ShareExtension.appex */ = {isa = PBXFileReference; includeInIndex = 0; lastKnownFileType = "wrapper.app-extension"; path = ShareExtension.appex; sourceTree = BUILT_PRODUCTS_DIR; };
		E74E1BC12E2BCD838B7CC68B /* AppearanceSettingsView.swift */ = {isa = PBXFileReference; lastKnownFileType = sourcecode.swift; path = AppearanceSettingsView.swift; sourceTree = "<group>"; };
		EBEDEBD30F3138B52EF04EE8 /* CarPlaySceneDelegate.swift */ = {isa = PBXFileReference; lastKnownFileType = sourcecode.swift; path = CarPlaySceneDelegate.swift; sourceTree = "<group>"; };
		ED0AFF16CFCF018CEE87BF70 /* AdvancedSettingsView.swift */ = {isa = PBXFileReference; lastKnownFileType = sourcecode.swift; path = AdvancedSettingsView.swift; sourceTree = "<group>"; };
		EE137FF651110189C708941D /* PlaybackSettingsView.swift */ = {isa = PBXFileReference; lastKnownFileType = sourcecode.swift; path = PlaybackSettingsView.swift; sourceTree = "<group>"; };
		F3B7EAC9EEC3720784F5BFDF /* NowPlayingView.swift */ = {isa = PBXFileReference; lastKnownFileType = sourcecode.swift; path = NowPlayingView.swift; sourceTree = "<group>"; };
		F5186F218805196281702F1A /* FavoritesView.swift */ = {isa = PBXFileReference; lastKnownFileType = sourcecode.swift; path = FavoritesView.swift; sourceTree = "<group>"; };
		F7085743DF9FDAF7CAEDB0CA /* EPGView.swift */ = {isa = PBXFileReference; lastKnownFileType = sourcecode.swift; path = EPGView.swift; sourceTree = "<group>"; };
		F8C3BD180713EE2506F860EF /* AdagioStream.app */ = {isa = PBXFileReference; includeInIndex = 0; lastKnownFileType = wrapper.application; path = AdagioStream.app; sourceTree = BUILT_PRODUCTS_DIR; };
/* End PBXFileReference section */

/* Begin PBXFrameworksBuildPhase section */
		4A97F37B1FEAFF8256ACC8F5 /* Frameworks */ = {
			isa = PBXFrameworksBuildPhase;
			buildActionMask = 2147483647;
			files = (
				3087C9F54DF7B5577BA5B363 /* AdagioStreamCore in Frameworks */,
			);
			runOnlyForDeploymentPostprocessing = 0;
		};
		616D289C3562AE68D02BBB38 /* Frameworks */ = {
			isa = PBXFrameworksBuildPhase;
			buildActionMask = 2147483647;
			files = (
				2B16DDBB8A24A98B6C6B2D5E /* VLCKitSPM in Frameworks */,
				4AD87E8A3418572587C82242 /* AdagioStreamCore in Frameworks */,
			);
			runOnlyForDeploymentPostprocessing = 0;
		};
/* End PBXFrameworksBuildPhase section */

/* Begin PBXGroup section */
		13A7B37CDDCF294F9B52B3D0 /* ShareExtension */ = {
			isa = PBXGroup;
			children = (
				5D4EB311F106E7633D4C135D /* Info.plist */,
				CA8FBFCBC5F7D6224976D34F /* ShareExtension.entitlements */,
				BCAC8C26132C648A120C1ED4 /* ShareViewController.swift */,
			);
			path = ShareExtension;
			sourceTree = "<group>";
		};
		1787FE82B04EA5A83B5335BC /* Services */ = {
			isa = PBXGroup;
			children = (
				275533EFCFE43202F2ADCCA7 /* DebugLoggerTests.swift */,
				A1CF4778448EC75225E98912 /* EPGParserTests.swift */,
				1CB97A4EB0205E8425BC244C /* M3UParserTests.swift */,
				9F0B5B96D1BAC2865F5B524D /* XtreamCodesAPITests.swift */,
			);
			path = Services;
			sourceTree = "<group>";
		};
		1A4D5A3FA0D032DFFBAE64C3 /* Setup */ = {
			isa = PBXGroup;
			children = (
				2311F8C124F6DE377BF44ED6 /* WelcomeSetupView.swift */,
			);
			path = Setup;
			sourceTree = "<group>";
		};
		1D9B7E683E5A145DA73ED921 /* ViewModels */ = {
			isa = PBXGroup;
			children = (
				48F7855554D238CE0CCF1A92 /* ChannelListViewModel.swift */,
				9541EE6203AB2FBFB79CC872 /* FavoritesViewModel.swift */,
				9EC85F4830893AAB69811C83 /* PlayerViewModel.swift */,
				E27443BF9C86A1DFBA09CEE9 /* ProviderListViewModel.swift */,
				B785664AF5E9481E580421E3 /* SettingsViewModel.swift */,
			);
			path = ViewModels;
			sourceTree = "<group>";
		};
		2A145E596DEF592D695C7EDE /* Player */ = {
			isa = PBXGroup;
			children = (
				A3FA365F7131A727DB1A7C79 /* AirPlayRoutePickerView.swift */,
				9ABFBEA3069FEFB81E33B4DF /* MiniPlayerView.swift */,
				F3B7EAC9EEC3720784F5BFDF /* NowPlayingView.swift */,
			);
			path = Player;
			sourceTree = "<group>";
		};
		2DD4B792FDAF9150EF40E64C /* Channels */ = {
			isa = PBXGroup;
			children = (
				09B258B0EF620197CC9833E0 /* ChannelListView.swift */,
				1A6C821312E4FA8E96D872A3 /* ChannelRowView.swift */,
			);
			path = Channels;
			sourceTree = "<group>";
		};
		37BE24923E1012894F65BC0D /* Products */ = {
			isa = PBXGroup;
			children = (
				F8C3BD180713EE2506F860EF /* AdagioStream.app */,
				B56D275AEA9D2D16A52AC178 /* AdagioStreamTests.xctest */,
				E601D82BA3CB20C6A4A7AA02 /* ShareExtension.appex */,
			);
			name = Products;
			sourceTree = "<group>";
		};
		3B92C5C143BE91606CF31288 /* Components */ = {
			isa = PBXGroup;
			children = (
				D27383F186EB3DC4FC9B8C0C /* MaskedTextField.swift */,
			);
			path = Components;
			sourceTree = "<group>";
		};
		3DC32907FEBD360A10C72847 /* AdagioStreamTests */ = {
			isa = PBXGroup;
			children = (
				C76C9EDDA0BC084E53537EC3 /* Models */,
				1787FE82B04EA5A83B5335BC /* Services */,
				9E85522650FFA4CE86645183 /* Utilities */,
			);
			path = AdagioStreamTests;
			sourceTree = "<group>";
		};
		466ABA381A1500008474A837 /* Resources */ = {
			isa = PBXGroup;
			children = (
				CBE71EE57338E91114F4A789 /* LGPL-2.1.txt */,
			);
			path = Resources;
			sourceTree = "<group>";
		};
		4C12206AA03A30F359EBF328 /* Settings */ = {
			isa = PBXGroup;
			children = (
				310F900A75D0B606DEB7F49F /* AboutSettingsView.swift */,
				ED0AFF16CFCF018CEE87BF70 /* AdvancedSettingsView.swift */,
				E74E1BC12E2BCD838B7CC68B /* AppearanceSettingsView.swift */,
				7515CF1536D0D00A7E4C5568 /* ChannelsAccountsSettingsView.swift */,
				25725EB8F5AF7159B8D7A5A1 /* DiagnosticsView.swift */,
				79C66CE94686CD52A6CD0AC6 /* GroupManagementView.swift */,
				9593372A158F40D59BB914AC /* LicensesView.swift */,
				EE137FF651110189C708941D /* PlaybackSettingsView.swift */,
				6D13D3C7E0800E76E4872C0C /* PrivacyPolicyView.swift */,
				A49B5499FEB06793F277174C /* ProviderManagementView.swift */,
				D099586458688D813DF57122 /* SettingsView.swift */,
			);
			path = Settings;
			sourceTree = "<group>";
		};
		6FBC5F09C97033D356ED66F5 /* Favorites */ = {
			isa = PBXGroup;
			children = (
				F5186F218805196281702F1A /* FavoritesView.swift */,
			);
			path = Favorites;
			sourceTree = "<group>";
		};
		75BE1873D061710449343AC8 = {
			isa = PBXGroup;
			children = (
				C7BB60840AEC2DE630CE1B02 /* AdagioStream */,
				3DC32907FEBD360A10C72847 /* AdagioStreamTests */,
				9539EF87EC75B264CBC1550F /* Packages */,
				13A7B37CDDCF294F9B52B3D0 /* ShareExtension */,
				37BE24923E1012894F65BC0D /* Products */,
			);
			sourceTree = "<group>";
		};
		9539EF87EC75B264CBC1550F /* Packages */ = {
			isa = PBXGroup;
			children = (
				4401D9AC0133CFF568B05F0D /* AdagioStreamCore */,
			);
			name = Packages;
			sourceTree = "<group>";
		};
		9E85522650FFA4CE86645183 /* Utilities */ = {
			isa = PBXGroup;
			children = (
				2F942349F00AAF310CADA2F8 /* ExtensionsTests.swift */,
			);
			path = Utilities;
			sourceTree = "<group>";
		};
		A2A244448F29868096069FC2 /* EPG */ = {
			isa = PBXGroup;
			children = (
				F7085743DF9FDAF7CAEDB0CA /* EPGView.swift */,
			);
			path = EPG;
			sourceTree = "<group>";
		};
		A3DDF9D70932BE3F2F65D4D1 /* CarPlay */ = {
			isa = PBXGroup;
			children = (
				EBEDEBD30F3138B52EF04EE8 /* CarPlaySceneDelegate.swift */,
				29E03DAEBBD9485209B049DB /* CarPlayTemplateManager.swift */,
			);
			path = CarPlay;
			sourceTree = "<group>";
		};
		A6F69CDDC9AE4D176E8B131E /* Views */ = {
			isa = PBXGroup;
			children = (
				5007C81620324434051842F8 /* AdagioStartupView.swift */,
				9DCB0C46B512BF4D2919E11A /* ContentView.swift */,
				74B4DC5538BB2F2E94AFFFA2 /* EmptyStateView.swift */,
				2DD4B792FDAF9150EF40E64C /* Channels */,
				3B92C5C143BE91606CF31288 /* Components */,
				A97EE5CFDF1DFF2BB9D2E698 /* CustomPlaylists */,
				A2A244448F29868096069FC2 /* EPG */,
				6FBC5F09C97033D356ED66F5 /* Favorites */,
				2A145E596DEF592D695C7EDE /* Player */,
				D59910D0C5EDB56EBE3B834E /* Provider */,
				DF112033F928B3EF0BE69D94 /* SavedSongs */,
				4C12206AA03A30F359EBF328 /* Settings */,
				1A4D5A3FA0D032DFFBAE64C3 /* Setup */,
			);
			path = Views;
			sourceTree = "<group>";
		};
		A89E763DDE3B95BBE8B186D5 /* Utilities */ = {
			isa = PBXGroup;
			children = (
				B9FCFDD12A0ED12C750422CB /* GlassEffect+Helpers.swift */,
				4455F7037718720E1C277C69 /* RetryableAsyncImage.swift */,
				7DD913E9A26B3322688E877D /* ShareSheet.swift */,
			);
			path = Utilities;
			sourceTree = "<group>";
		};
		A97EE5CFDF1DFF2BB9D2E698 /* CustomPlaylists */ = {
			isa = PBXGroup;
			children = (
				D903CA55661DD9736AA33128 /* AddManualEntryView.swift */,
				1C6F942DD99FD99986EE7506 /* AddToPlaylistSheet.swift */,
				1DCAEB426F36F498D4A42B59 /* CustomPlaylistDetailView.swift */,
				A79AEEE3FADF91F848FD30C3 /* CustomPlaylistEntryRowView.swift */,
				62BA951B52AA391895D82516 /* CustomPlaylistListView.swift */,
				E480C8AB7E4CA4DEA484E968 /* SharedURLSheet.swift */,
			);
			path = CustomPlaylists;
			sourceTree = "<group>";
		};
		C76C9EDDA0BC084E53537EC3 /* Models */ = {
			isa = PBXGroup;
			children = (
				99A135BC9837A3E2B0F7B223 /* EPGEntryTests.swift */,
			);
			path = Models;
			sourceTree = "<group>";
		};
		C7BB60840AEC2DE630CE1B02 /* AdagioStream */ = {
			isa = PBXGroup;
			children = (
				2E0773D0B4CD7353ACEADE32 /* AdagioStream.entitlements */,
				CFC92A0CDDC4C9AFBAAC3DDA /* AdagioStreamApp.swift */,
				2591A7C2156E83DA1F2F30CE /* Assets.xcassets */,
				09037EC9D6025B184F4A718E /* Info.plist */,
				9CEDCCDBA46AF67C4F407B61 /* LaunchScreen.storyboard */,
				DD655FE0B0CC486FB1E43572 /* PrivacyInfo.xcprivacy */,
				A3DDF9D70932BE3F2F65D4D1 /* CarPlay */,
				466ABA381A1500008474A837 /* Resources */,
				DF51025FE93F2750A527721A /* Services */,
				A89E763DDE3B95BBE8B186D5 /* Utilities */,
				1D9B7E683E5A145DA73ED921 /* ViewModels */,
				A6F69CDDC9AE4D176E8B131E /* Views */,
			);
			path = AdagioStream;
			sourceTree = "<group>";
		};
		D59910D0C5EDB56EBE3B834E /* Provider */ = {
			isa = PBXGroup;
			children = (
				3ACF35847EA0740DA4E477A6 /* AddProviderView.swift */,
				64EF86369F656FD2C55498D1 /* ProviderListView.swift */,
			);
			path = Provider;
			sourceTree = "<group>";
		};
		DF112033F928B3EF0BE69D94 /* SavedSongs */ = {
			isa = PBXGroup;
			children = (
				0982A54986A0B2346C8D34F4 /* SavedSongRowView.swift */,
				93C4E8E849B51924BF7E05CE /* SavedSongsView.swift */,
			);
			path = SavedSongs;
			sourceTree = "<group>";
		};
		DF51025FE93F2750A527721A /* Services */ = {
			isa = PBXGroup;
			children = (
				5BA6BA55D8B2218DA3C7CE2D /* DataDeletionService.swift */,
			);
			path = Services;
			sourceTree = "<group>";
		};
/* End PBXGroup section */

/* Begin PBXNativeTarget section */
		C17E869021DD65C8DA520AAD /* ShareExtension */ = {
			isa = PBXNativeTarget;
			buildConfigurationList = AAD0CC638294D4AF15697C91 /* Build configuration list for PBXNativeTarget "ShareExtension" */;
			buildPhases = (
				4F1BCE22BEC835CF2F4F84A7 /* Sources */,
			);
			buildRules = (
			);
			dependencies = (
			);
			name = ShareExtension;
			packageProductDependencies = (
			);
			productName = ShareExtension;
			productReference = E601D82BA3CB20C6A4A7AA02 /* ShareExtension.appex */;
			productType = "com.apple.product-type.app-extension";
		};
		C4219BBA2AD1D3270C174F2D /* AdagioStream */ = {
			isa = PBXNativeTarget;
			buildConfigurationList = 796BFB25902696DAD2B97C7B /* Build configuration list for PBXNativeTarget "AdagioStream" */;
			buildPhases = (
				A1924B7912424CF28B131F74 /* Sources */,
				E6EADF806124B23FA2ADBEDF /* Resources */,
				616D289C3562AE68D02BBB38 /* Frameworks */,
				2E1C115EC7AEAF8BEB569CA3 /* Embed Foundation Extensions */,
			);
			buildRules = (
			);
			dependencies = (
				314968692B2B0C9F18A31191 /* PBXTargetDependency */,
			);
			name = AdagioStream;
			packageProductDependencies = (
				30FF9E502BE3A16ABFA545D6 /* VLCKitSPM */,
				5CF81B23A358B01EAA5F38FB /* AdagioStreamCore */,
			);
			productName = AdagioStream;
			productReference = F8C3BD180713EE2506F860EF /* AdagioStream.app */;
			productType = "com.apple.product-type.application";
		};
		F3279506301FB0CF807A03E5 /* AdagioStreamTests */ = {
			isa = PBXNativeTarget;
			buildConfigurationList = 1F7A9B93054AFA0C343F33B9 /* Build configuration list for PBXNativeTarget "AdagioStreamTests" */;
			buildPhases = (
				6B1B0E3762342E3317356402 /* Sources */,
				4A97F37B1FEAFF8256ACC8F5 /* Frameworks */,
			);
			buildRules = (
			);
			dependencies = (
				ABF8FA9BBD92255BE3829053 /* PBXTargetDependency */,
			);
			name = AdagioStreamTests;
			packageProductDependencies = (
				4FE9B759B2A14A830BF51FBE /* AdagioStreamCore */,
			);
			productName = AdagioStreamTests;
			productReference = B56D275AEA9D2D16A52AC178 /* AdagioStreamTests.xctest */;
			productType = "com.apple.product-type.bundle.unit-test";
		};
/* End PBXNativeTarget section */

/* Begin PBXProject section */
		0C491AA48FB5EFE41DEFBA97 /* Project object */ = {
			isa = PBXProject;
			attributes = {
				BuildIndependentTargetsInParallel = YES;
				LastUpgradeCheck = 1630;
				TargetAttributes = {
					C17E869021DD65C8DA520AAD = {
						DevelopmentTeam = EWT2X7Q9ZJ;
					};
					C4219BBA2AD1D3270C174F2D = {
						DevelopmentTeam = EWT2X7Q9ZJ;
					};
				};
			};
			buildConfigurationList = 3F149C20DE27F54F8A203EBF /* Build configuration list for PBXProject "AdagioStream" */;
			developmentRegion = en;
			hasScannedForEncodings = 0;
			knownRegions = (
				Base,
				en,
			);
			mainGroup = 75BE1873D061710449343AC8;
			minimizedProjectReferenceProxies = 1;
			packageReferences = (
				5CDF012D765C20060EADB0A1 /* XCRemoteSwiftPackageReference "vlckit-spm" */,
				00F5CC20500915928D33F0F3 /* XCLocalSwiftPackageReference "../AdagioStreamCore" */,
			);
			preferredProjectObjectVersion = 77;
			productRefGroup = 37BE24923E1012894F65BC0D /* Products */;
			projectDirPath = "";
			projectRoot = "";
			targets = (
				C4219BBA2AD1D3270C174F2D /* AdagioStream */,
				F3279506301FB0CF807A03E5 /* AdagioStreamTests */,
				C17E869021DD65C8DA520AAD /* ShareExtension */,
			);
		};
/* End PBXProject section */

/* Begin PBXResourcesBuildPhase section */
		E6EADF806124B23FA2ADBEDF /* Resources */ = {
			isa = PBXResourcesBuildPhase;
			buildActionMask = 2147483647;
			files = (
				1CC9AC317E17D1AD301D41B8 /* Assets.xcassets in Resources */,
				840B6B3CBCCD32E7362FD0B0 /* LGPL-2.1.txt in Resources */,
				CAE6D92CBA3B1131CDF25782 /* LaunchScreen.storyboard in Resources */,
				E6770E028819F7C202725955 /* PrivacyInfo.xcprivacy in Resources */,
			);
			runOnlyForDeploymentPostprocessing = 0;
		};
/* End PBXResourcesBuildPhase section */

/* Begin PBXSourcesBuildPhase section */
		4F1BCE22BEC835CF2F4F84A7 /* Sources */ = {
			isa = PBXSourcesBuildPhase;
			buildActionMask = 2147483647;
			files = (
				0FA89C70038A8D734ACBE2B6 /* ShareViewController.swift in Sources */,
			);
			runOnlyForDeploymentPostprocessing = 0;
		};
		6B1B0E3762342E3317356402 /* Sources */ = {
			isa = PBXSourcesBuildPhase;
			buildActionMask = 2147483647;
			files = (
				C33682D5D1ABB2E9969E7F39 /* DebugLoggerTests.swift in Sources */,
				B4352E12C839218FF584655F /* EPGEntryTests.swift in Sources */,
				64F52CD1C4A2C9C45AAE434E /* EPGParserTests.swift in Sources */,
				E30B9AAD862A214E0956261F /* ExtensionsTests.swift in Sources */,
				9FFB4202AD0D0777D1F2278F /* M3UParserTests.swift in Sources */,
				1B7FBCE2515815B7E0C64087 /* XtreamCodesAPITests.swift in Sources */,
			);
			runOnlyForDeploymentPostprocessing = 0;
		};
		A1924B7912424CF28B131F74 /* Sources */ = {
			isa = PBXSourcesBuildPhase;
			buildActionMask = 2147483647;
			files = (
				1F472084E1C6BE3D8F3AA94C /* AboutSettingsView.swift in Sources */,
				A260CCCD1191957DE0C6739E /* AdagioStartupView.swift in Sources */,
				781DB2044B7B08D363A75F59 /* AdagioStreamApp.swift in Sources */,
				FF289466EAF3E3A99B8177FC /* AddManualEntryView.swift in Sources */,
				34CB3D0C2BF98BD9AB6EFB5F /* AddProviderView.swift in Sources */,
				5CDA0B2D887C7B36FA8B4D36 /* AddToPlaylistSheet.swift in Sources */,
				AC45A485F3635077A4F77F16 /* AdvancedSettingsView.swift in Sources */,
				9937DB1DC3D0E8872DEECA26 /* AirPlayRoutePickerView.swift in Sources */,
				40DCCC69DD226BEBBEBADDFE /* AppearanceSettingsView.swift in Sources */,
				9F831368D8598DB26C48DD1B /* CarPlaySceneDelegate.swift in Sources */,
				33C3578193ABE2495606970B /* CarPlayTemplateManager.swift in Sources */,
				6BD1E1B2F9E151F4C20C002C /* ChannelListView.swift in Sources */,
				B87BC6F49DF0702DA8B0E033 /* ChannelListViewModel.swift in Sources */,
				6D2F4482B688673D9C5B1844 /* ChannelRowView.swift in Sources */,
				388C6E67648A7F7DF0B8C0DC /* ChannelsAccountsSettingsView.swift in Sources */,
				E635A6E210A5998E1CD2D537 /* ContentView.swift in Sources */,
				A24C54030E71F5C2907BD1D4 /* CustomPlaylistDetailView.swift in Sources */,
				403FD2102DB1357FB4DF8348 /* CustomPlaylistEntryRowView.swift in Sources */,
				575D753F86DFC83AEBD874E0 /* CustomPlaylistListView.swift in Sources */,
				A0909B69676AA1A75CD921BD /* DataDeletionService.swift in Sources */,
				4AD21563E4090F6A9BDE4065 /* DiagnosticsView.swift in Sources */,
				C0814BA417A9237B8348F95F /* EPGView.swift in Sources */,
				E58E85C5EE28042C379F39D4 /* EmptyStateView.swift in Sources */,
				FC1D7B8859598B5F134199CD /* FavoritesView.swift in Sources */,
				E032C4F703760B550098655D /* FavoritesViewModel.swift in Sources */,
				4639618DDCB6535986BBBA36 /* GlassEffect+Helpers.swift in Sources */,
				18545F1BF1AC67A74DF31F74 /* GroupManagementView.swift in Sources */,
				652F0E6ADB07B4CF2DDD8E7F /* LicensesView.swift in Sources */,
				47911B7F0C6396628A25C035 /* MaskedTextField.swift in Sources */,
				50EAABFC70A007E1531BF67E /* MiniPlayerView.swift in Sources */,
				23D89FC8A6D7E6C0C13EEACD /* NowPlayingView.swift in Sources */,
				C733EDA151EC0DF936A3D4E9 /* PlaybackSettingsView.swift in Sources */,
				9C1BC605AC3359E35C7032DA /* PlayerViewModel.swift in Sources */,
				4E32B343F30E26B3E8341B14 /* PrivacyPolicyView.swift in Sources */,
				5A13537DC1ADD85384A482D2 /* ProviderListView.swift in Sources */,
				FFAABCBC274AD0B984B04223 /* ProviderListViewModel.swift in Sources */,
				743B9ECFB3057C393642ADE5 /* ProviderManagementView.swift in Sources */,
				573D9FD1792C3D1E63352518 /* RetryableAsyncImage.swift in Sources */,
				887D128D10404952F62F291A /* SavedSongRowView.swift in Sources */,
				987AA9ADB45C60F54C55F54E /* SavedSongsView.swift in Sources */,
				52087B78E099DB1DF5E26356 /* SettingsView.swift in Sources */,
				DE4680A0F80ECD7335DA0F96 /* SettingsViewModel.swift in Sources */,
				75B1F28D1D83608220D3B79F /* ShareSheet.swift in Sources */,
				FED5CDA6EF22B52859A0F0A1 /* SharedURLSheet.swift in Sources */,
				931E7C0E398797081F1C7C4A /* WelcomeSetupView.swift in Sources */,
			);
			runOnlyForDeploymentPostprocessing = 0;
		};
/* End PBXSourcesBuildPhase section */

/* Begin PBXTargetDependency section */
		314968692B2B0C9F18A31191 /* PBXTargetDependency */ = {
			isa = PBXTargetDependency;
			target = C17E869021DD65C8DA520AAD /* ShareExtension */;
			targetProxy = 0DFF0788FFEFC90973DBEFED /* PBXContainerItemProxy */;
		};
		ABF8FA9BBD92255BE3829053 /* PBXTargetDependency */ = {
			isa = PBXTargetDependency;
			target = C4219BBA2AD1D3270C174F2D /* AdagioStream */;
			targetProxy = 1B82872307F0A66CBC7A4DF1 /* PBXContainerItemProxy */;
		};
/* End PBXTargetDependency section */

/* Begin XCBuildConfiguration section */
		09AFE31E35FA5AAF7327E4C1 /* Debug */ = {
			isa = XCBuildConfiguration;
			buildSettings = {
				BUNDLE_LOADER = "$(TEST_HOST)";
				GENERATE_INFOPLIST_FILE = YES;
				LD_RUNPATH_SEARCH_PATHS = (
					"$(inherited)",
					"@executable_path/Frameworks",
					"@loader_path/Frameworks",
				);
				PRODUCT_BUNDLE_IDENTIFIER = com.adagiostream.AdagioStreamTests;
				SDKROOT = iphoneos;
				TARGETED_DEVICE_FAMILY = "1,2";
				TEST_HOST = "$(BUILT_PRODUCTS_DIR)/AdagioStream.app/AdagioStream";
			};
			name = Debug;
		};
		40B57AFD070715DC80152ED3 /* Debug */ = {
			isa = XCBuildConfiguration;
			buildSettings = {
				ALWAYS_SEARCH_USER_PATHS = NO;
				ASSETCATALOG_COMPILER_GENERATE_SWIFT_ASSET_SYMBOL_EXTENSIONS = YES;
				CLANG_ANALYZER_NONNULL = YES;
				CLANG_ANALYZER_NUMBER_OBJECT_CONVERSION = YES_AGGRESSIVE;
				CLANG_CXX_LANGUAGE_STANDARD = "gnu++14";
				CLANG_CXX_LIBRARY = "libc++";
				CLANG_ENABLE_MODULES = YES;
				CLANG_ENABLE_OBJC_ARC = YES;
				CLANG_ENABLE_OBJC_WEAK = YES;
				CLANG_WARN_BLOCK_CAPTURE_AUTORELEASING = YES_ERROR;
				CLANG_WARN_BOOL_CONVERSION = YES_ERROR;
				CLANG_WARN_COMMA = YES_ERROR;
				CLANG_WARN_CONSTANT_CONVERSION = YES_ERROR;
				CLANG_WARN_DEPRECATED_OBJC_IMPLEMENTATIONS = YES;
				CLANG_WARN_DIRECT_OBJC_ISA_USAGE = YES_ERROR;
				CLANG_WARN_DOCUMENTATION_COMMENTS = YES;
				CLANG_WARN_EMPTY_BODY = YES;
				CLANG_WARN_ENUM_CONVERSION = YES_ERROR;
				CLANG_WARN_INFINITE_RECURSION = YES;
				CLANG_WARN_INT_CONVERSION = YES_ERROR;
				CLANG_WARN_NON_LITERAL_NULL_CONVERSION = YES_ERROR;
				CLANG_WARN_OBJC_IMPLICIT_RETAIN_SELF = YES;
				CLANG_WARN_OBJC_LITERAL_CONVERSION = YES_ERROR;
				CLANG_WARN_OBJC_ROOT_CLASS = YES_ERROR;
				CLANG_WARN_QUOTED_INCLUDE_IN_FRAMEWORK_HEADER = YES;
				CLANG_WARN_RANGE_LOOP_ANALYSIS = YES;
				CLANG_WARN_STRICT_PROTOTYPES = YES;
				CLANG_WARN_SUSPICIOUS_MOVE = YES;
				CLANG_WARN_UNGUARDED_AVAILABILITY = YES_AGGRESSIVE;
				CLANG_WARN_UNREACHABLE_CODE = YES_ERROR;
				CLANG_WARN__DUPLICATE_METHOD_MATCH = YES;
				COPY_PHASE_STRIP = NO;
				DEAD_CODE_STRIPPING = YES;
				DEBUG_INFORMATION_FORMAT = dwarf;
				ENABLE_STRICT_OBJC_MSGSEND = YES;
				ENABLE_TESTABILITY = YES;
				ENABLE_USER_SCRIPT_SANDBOXING = YES;
				GCC_C_LANGUAGE_STANDARD = gnu11;
				GCC_DYNAMIC_NO_PIC = NO;
				GCC_NO_COMMON_BLOCKS = YES;
				GCC_OPTIMIZATION_LEVEL = 0;
				GCC_PREPROCESSOR_DEFINITIONS = (
					"$(inherited)",
					"DEBUG=1",
				);
				GCC_WARN_64_TO_32_BIT_CONVERSION = YES_ERROR;
				GCC_WARN_ABOUT_RETURN_TYPE = YES_ERROR;
				GCC_WARN_UNDECLARED_SELECTOR = YES;
				GCC_WARN_UNINITIALIZED_AUTOS = YES_AGGRESSIVE;
				GCC_WARN_UNUSED_FUNCTION = YES;
				GCC_WARN_UNUSED_VARIABLE = YES;
				IPHONEOS_DEPLOYMENT_TARGET = 17.0;
				LOCALIZATION_PREFERS_STRING_CATALOGS = YES;
				MTL_ENABLE_DEBUG_INFO = INCLUDE_SOURCE;
				MTL_FAST_MATH = YES;
				ONLY_ACTIVE_ARCH = YES;
				PRODUCT_NAME = "$(TARGET_NAME)";
				SDKROOT = iphoneos;
				STRING_CATALOG_GENERATE_SYMBOLS = YES;
				SWIFT_ACTIVE_COMPILATION_CONDITIONS = DEBUG;
				SWIFT_EMIT_LOC_STRINGS = YES;
				SWIFT_OPTIMIZATION_LEVEL = "-Onone";
				SWIFT_VERSION = 5.9;
				TARGETED_DEVICE_FAMILY = "1,2";
			};
			name = Debug;
		};
		5BE4F248EF0422A0DC5817E6 /* Debug */ = {
			isa = XCBuildConfiguration;
			buildSettings = {
				ASSETCATALOG_COMPILER_APPICON_NAME = AppIcon;
				CODE_SIGN_ENTITLEMENTS = AdagioStream/AdagioStream.entitlements;
				CODE_SIGN_IDENTITY = "iPhone Developer";
				CURRENT_PROJECT_VERSION = 104;
				DEVELOPMENT_TEAM = EWT2X7Q9ZJ;
				GENERATE_INFOPLIST_FILE = YES;
				INFOPLIST_FILE = AdagioStream/Info.plist;
				INFOPLIST_KEY_LSApplicationCategoryType = "public.app-category.music";
				INFOPLIST_KEY_UIRequiresFullScreen = NO;
				INFOPLIST_KEY_UISupportedInterfaceOrientations_iPad = "UIInterfaceOrientationPortrait UIInterfaceOrientationPortraitUpsideDown UIInterfaceOrientationLandscapeLeft UIInterfaceOrientationLandscapeRight";
				INFOPLIST_KEY_UISupportedInterfaceOrientations_iPhone = "UIInterfaceOrientationPortrait UIInterfaceOrientationLandscapeLeft UIInterfaceOrientationLandscapeRight";
				LD_RUNPATH_SEARCH_PATHS = (
					"$(inherited)",
					"@executable_path/Frameworks",
				);
				MARKETING_VERSION = 1.0;
				PRODUCT_BUNDLE_IDENTIFIER = com.adagiostream.app;
				SDKROOT = iphoneos;
				TARGETED_DEVICE_FAMILY = "1,2";
			};
			name = Debug;
		};
		83EA438330A0ACD406CF8E1A /* Release */ = {
			isa = XCBuildConfiguration;
			buildSettings = {
				ASSETCATALOG_COMPILER_APPICON_NAME = AppIcon;
				CODE_SIGN_ENTITLEMENTS = AdagioStream/AdagioStream.entitlements;
				CODE_SIGN_IDENTITY = "iPhone Developer";
				CURRENT_PROJECT_VERSION = 104;
				DEVELOPMENT_TEAM = EWT2X7Q9ZJ;
				GENERATE_INFOPLIST_FILE = YES;
				INFOPLIST_FILE = AdagioStream/Info.plist;
				INFOPLIST_KEY_LSApplicationCategoryType = "public.app-category.music";
				INFOPLIST_KEY_UIRequiresFullScreen = NO;
				INFOPLIST_KEY_UISupportedInterfaceOrientations_iPad = "UIInterfaceOrientationPortrait UIInterfaceOrientationPortraitUpsideDown UIInterfaceOrientationLandscapeLeft UIInterfaceOrientationLandscapeRight";
				INFOPLIST_KEY_UISupportedInterfaceOrientations_iPhone = "UIInterfaceOrientationPortrait UIInterfaceOrientationLandscapeLeft UIInterfaceOrientationLandscapeRight";
				LD_RUNPATH_SEARCH_PATHS = (
					"$(inherited)",
					"@executable_path/Frameworks",
				);
				MARKETING_VERSION = 1.0;
				PRODUCT_BUNDLE_IDENTIFIER = com.adagiostream.app;
				SDKROOT = iphoneos;
				TARGETED_DEVICE_FAMILY = "1,2";
			};
			name = Release;
		};
		A641DC468DF84DB0D9781122 /* Release */ = {
			isa = XCBuildConfiguration;
			buildSettings = {
				CODE_SIGN_ENTITLEMENTS = ShareExtension/ShareExtension.entitlements;
				CURRENT_PROJECT_VERSION = 104;
				DEVELOPMENT_TEAM = EWT2X7Q9ZJ;
				GENERATE_INFOPLIST_FILE = YES;
				INFOPLIST_FILE = ShareExtension/Info.plist;
				INFOPLIST_KEY_CFBundleDisplayName = "Adagio Stream";
				INFOPLIST_KEY_NSExtension_NSExtensionPointIdentifier = "com.apple.share-services";
				LD_RUNPATH_SEARCH_PATHS = (
					"$(inherited)",
					"@executable_path/Frameworks",
					"@executable_path/../../Frameworks",
				);
				MARKETING_VERSION = 1.0;
				PRODUCT_BUNDLE_IDENTIFIER = com.adagiostream.app.share;
				SDKROOT = iphoneos;
				TARGETED_DEVICE_FAMILY = "1,2";
			};
			name = Release;
		};
		C66143E814F7360435B81B43 /* Debug */ = {
			isa = XCBuildConfiguration;
			buildSettings = {
				CODE_SIGN_ENTITLEMENTS = ShareExtension/ShareExtension.entitlements;
				CURRENT_PROJECT_VERSION = 104;
				DEVELOPMENT_TEAM = EWT2X7Q9ZJ;
				GENERATE_INFOPLIST_FILE = YES;
				INFOPLIST_FILE = ShareExtension/Info.plist;
				INFOPLIST_KEY_CFBundleDisplayName = "Adagio Stream";
				INFOPLIST_KEY_NSExtension_NSExtensionPointIdentifier = "com.apple.share-services";
				LD_RUNPATH_SEARCH_PATHS = (
					"$(inherited)",
					"@executable_path/Frameworks",
					"@executable_path/../../Frameworks",
				);
				MARKETING_VERSION = 1.0;
				PRODUCT_BUNDLE_IDENTIFIER = com.adagiostream.app.share;
				SDKROOT = iphoneos;
				TARGETED_DEVICE_FAMILY = "1,2";
			};
			name = Debug;
		};
		C7F4BEBB9CB64C71C3466CCB /* Release */ = {
			isa = XCBuildConfiguration;
			buildSettings = {
				BUNDLE_LOADER = "$(TEST_HOST)";
				GENERATE_INFOPLIST_FILE = YES;
				LD_RUNPATH_SEARCH_PATHS = (
					"$(inherited)",
					"@executable_path/Frameworks",
					"@loader_path/Frameworks",
				);
				PRODUCT_BUNDLE_IDENTIFIER = com.adagiostream.AdagioStreamTests;
				SDKROOT = iphoneos;
				TARGETED_DEVICE_FAMILY = "1,2";
				TEST_HOST = "$(BUILT_PRODUCTS_DIR)/AdagioStream.app/AdagioStream";
			};
			name = Release;
		};
		D7F9D12CEA97C051364ACA40 /* Release */ = {
			isa = XCBuildConfiguration;
			buildSettings = {
				ALWAYS_SEARCH_USER_PATHS = NO;
				ASSETCATALOG_COMPILER_GENERATE_SWIFT_ASSET_SYMBOL_EXTENSIONS = YES;
				CLANG_ANALYZER_NONNULL = YES;
				CLANG_ANALYZER_NUMBER_OBJECT_CONVERSION = YES_AGGRESSIVE;
				CLANG_CXX_LANGUAGE_STANDARD = "gnu++14";
				CLANG_CXX_LIBRARY = "libc++";
				CLANG_ENABLE_MODULES = YES;
				CLANG_ENABLE_OBJC_ARC = YES;
				CLANG_ENABLE_OBJC_WEAK = YES;
				CLANG_WARN_BLOCK_CAPTURE_AUTORELEASING = YES_ERROR;
				CLANG_WARN_BOOL_CONVERSION = YES_ERROR;
				CLANG_WARN_COMMA = YES_ERROR;
				CLANG_WARN_CONSTANT_CONVERSION = YES_ERROR;
				CLANG_WARN_DEPRECATED_OBJC_IMPLEMENTATIONS = YES;
				CLANG_WARN_DIRECT_OBJC_ISA_USAGE = YES_ERROR;
				CLANG_WARN_DOCUMENTATION_COMMENTS = YES;
				CLANG_WARN_EMPTY_BODY = YES;
				CLANG_WARN_ENUM_CONVERSION = YES_ERROR;
				CLANG_WARN_INFINITE_RECURSION = YES;
				CLANG_WARN_INT_CONVERSION = YES_ERROR;
				CLANG_WARN_NON_LITERAL_NULL_CONVERSION = YES_ERROR;
				CLANG_WARN_OBJC_IMPLICIT_RETAIN_SELF = YES;
				CLANG_WARN_OBJC_LITERAL_CONVERSION = YES_ERROR;
				CLANG_WARN_OBJC_ROOT_CLASS = YES_ERROR;
				CLANG_WARN_QUOTED_INCLUDE_IN_FRAMEWORK_HEADER = YES;
				CLANG_WARN_RANGE_LOOP_ANALYSIS = YES;
				CLANG_WARN_STRICT_PROTOTYPES = YES;
				CLANG_WARN_SUSPICIOUS_MOVE = YES;
				CLANG_WARN_UNGUARDED_AVAILABILITY = YES_AGGRESSIVE;
				CLANG_WARN_UNREACHABLE_CODE = YES_ERROR;
				CLANG_WARN__DUPLICATE_METHOD_MATCH = YES;
				COPY_PHASE_STRIP = NO;
				DEAD_CODE_STRIPPING = YES;
				DEBUG_INFORMATION_FORMAT = "dwarf-with-dsym";
				ENABLE_NS_ASSERTIONS = NO;
				ENABLE_STRICT_OBJC_MSGSEND = YES;
				ENABLE_USER_SCRIPT_SANDBOXING = YES;
				GCC_C_LANGUAGE_STANDARD = gnu11;
				GCC_NO_COMMON_BLOCKS = YES;
				GCC_WARN_64_TO_32_BIT_CONVERSION = YES_ERROR;
				GCC_WARN_ABOUT_RETURN_TYPE = YES_ERROR;
				GCC_WARN_UNDECLARED_SELECTOR = YES;
				GCC_WARN_UNINITIALIZED_AUTOS = YES_AGGRESSIVE;
				GCC_WARN_UNUSED_FUNCTION = YES;
				GCC_WARN_UNUSED_VARIABLE = YES;
				IPHONEOS_DEPLOYMENT_TARGET = 17.0;
				LOCALIZATION_PREFERS_STRING_CATALOGS = YES;
				MTL_ENABLE_DEBUG_INFO = NO;
				MTL_FAST_MATH = YES;
				PRODUCT_NAME = "$(TARGET_NAME)";
				SDKROOT = iphoneos;
				STRING_CATALOG_GENERATE_SYMBOLS = YES;
				SWIFT_COMPILATION_MODE = wholemodule;
				SWIFT_EMIT_LOC_STRINGS = YES;
				SWIFT_OPTIMIZATION_LEVEL = "-O";
				SWIFT_VERSION = 5.9;
				TARGETED_DEVICE_FAMILY = "1,2";
			};
			name = Release;
		};
/* End XCBuildConfiguration section */

/* Begin XCConfigurationList section */
		1F7A9B93054AFA0C343F33B9 /* Build configuration list for PBXNativeTarget "AdagioStreamTests" */ = {
			isa = XCConfigurationList;
			buildConfigurations = (
				09AFE31E35FA5AAF7327E4C1 /* Debug */,
				C7F4BEBB9CB64C71C3466CCB /* Release */,
			);
			defaultConfigurationIsVisible = 0;
			defaultConfigurationName = Debug;
		};
		3F149C20DE27F54F8A203EBF /* Build configuration list for PBXProject "AdagioStream" */ = {
			isa = XCConfigurationList;
			buildConfigurations = (
				40B57AFD070715DC80152ED3 /* Debug */,
				D7F9D12CEA97C051364ACA40 /* Release */,
			);
			defaultConfigurationIsVisible = 0;
			defaultConfigurationName = Debug;
		};
		796BFB25902696DAD2B97C7B /* Build configuration list for PBXNativeTarget "AdagioStream" */ = {
			isa = XCConfigurationList;
			buildConfigurations = (
				5BE4F248EF0422A0DC5817E6 /* Debug */,
				83EA438330A0ACD406CF8E1A /* Release */,
			);
			defaultConfigurationIsVisible = 0;
			defaultConfigurationName = Debug;
		};
		AAD0CC638294D4AF15697C91 /* Build configuration list for PBXNativeTarget "ShareExtension" */ = {
			isa = XCConfigurationList;
			buildConfigurations = (
				C66143E814F7360435B81B43 /* Debug */,
				A641DC468DF84DB0D9781122 /* Release */,
			);
			defaultConfigurationIsVisible = 0;
			defaultConfigurationName = Debug;
		};
/* End XCConfigurationList section */

/* Begin XCLocalSwiftPackageReference section */
		00F5CC20500915928D33F0F3 /* XCLocalSwiftPackageReference "../AdagioStreamCore" */ = {
			isa = XCLocalSwiftPackageReference;
			relativePath = ../AdagioStreamCore;
		};
/* End XCLocalSwiftPackageReference section */

/* Begin XCRemoteSwiftPackageReference section */
		5CDF012D765C20060EADB0A1 /* XCRemoteSwiftPackageReference "vlckit-spm" */ = {
			isa = XCRemoteSwiftPackageReference;
			repositoryURL = "https://github.com/tylerjonesio/vlckit-spm";
			requirement = {
				kind = exactVersion;
				version = 3.6.0;
			};
		};
/* End XCRemoteSwiftPackageReference section */

/* Begin XCSwiftPackageProductDependency section */
		30FF9E502BE3A16ABFA545D6 /* VLCKitSPM */ = {
			isa = XCSwiftPackageProductDependency;
			package = 5CDF012D765C20060EADB0A1 /* XCRemoteSwiftPackageReference "vlckit-spm" */;
			productName = VLCKitSPM;
		};
		4FE9B759B2A14A830BF51FBE /* AdagioStreamCore */ = {
			isa = XCSwiftPackageProductDependency;
			productName = AdagioStreamCore;
		};
		5CF81B23A358B01EAA5F38FB /* AdagioStreamCore */ = {
			isa = XCSwiftPackageProductDependency;
			productName = AdagioStreamCore;
		};
/* End XCSwiftPackageProductDependency section */
	};
	rootObject = 0C491AA48FB5EFE41DEFBA97 /* Project object */;
}
